{
	"name": "@vicons/utils",
	"version": "0.1.4",
	"lockfileVersion": 2,
	"requires": true,
	"packages": {
		"": {
			"name": "@vicons/utils",
			"version": "0.1.4",
			"license": "MIT",
			"dependencies": {
				"@xicons/utils": "^0.1.4"
			},
			"devDependencies": {
				"typescript": "^4.2.2",
				"vite": "^2.0.4",
				"vue": "^3.0.6",
				"xicons": "1.0.0"
			},
			"peerDependencies": {
				"vue": "^3.0.6"
			}
		},
		"node_modules/@babel/helper-validator-identifier": {
			"version": "7.12.11",
			"resolved": "https://registry.npmjs.org/@babel/helper-validator-identifier/-/helper-validator-identifier-7.12.11.tgz",
			"integrity": "sha512-np/lG3uARFybkoHokJUmf1QfEvRVCPbmQeUQpKow5cQ3xWrV9i3rUHodKDJPQfTVX61qKi+UdYk8kik84n7XOw==",
			"dev": true
		},
		"node_modules/@babel/parser": {
			"version": "7.13.4",
			"resolved": "https://registry.npmjs.org/@babel/parser/-/parser-7.13.4.tgz",
			"integrity": "sha512-uvoOulWHhI+0+1f9L4BoozY7U5cIkZ9PgJqvb041d6vypgUmtVPG4vmGm4pSggjl8BELzvHyUeJSUyEMY6b+qA==",
			"dev": true,
			"bin": {
				"parser": "bin/babel-parser.js"
			},
			"engines": {
				"node": ">=6.0.0"
			}
		},
		"node_modules/@babel/types": {
			"version": "7.13.0",
			"resolved": "https://registry.npmjs.org/@babel/types/-/types-7.13.0.tgz",
			"integrity": "sha512-hE+HE8rnG1Z6Wzo+MhaKE5lM5eMx71T4EHJgku2E3xIfaULhDcxiiRxUYgwX8qwP1BBSlag+TdGOt6JAidIZTA==",
			"dev": true,
			"dependencies": {
				"@babel/helper-validator-identifier": "^7.12.11",
				"lodash": "^4.17.19",
				"to-fast-properties": "^2.0.0"
			}
		},
		"node_modules/@emotion/hash": {
			"version": "0.8.0",
			"resolved": "https://registry.npmjs.org/@emotion/hash/-/hash-0.8.0.tgz",
			"integrity": "sha512-kBJtf7PH6aWwZ6fka3zQ0p6SBYzx4fl1LoZXE2RrnYST9Xljm7WfKJrU4g/Xr3Beg72MLrp1AWNUmuYJTL7Cow=="
		},
		"node_modules/@types/node": {
			"version": "14.14.45",
			"resolved": "https://registry.npmjs.org/@types/node/-/node-14.14.45.tgz",
			"integrity": "sha512-DssMqTV9UnnoxDWu959sDLZzfvqCF0qDNRjaWeYSui9xkFe61kKo4l1TWNTQONpuXEm+gLMRvdlzvNHBamzmEw=="
		},
		"node_modules/@vue/compiler-core": {
			"version": "3.0.6",
			"resolved": "https://registry.npmjs.org/@vue/compiler-core/-/compiler-core-3.0.6.tgz",
			"integrity": "sha512-O7QzQ39DskOoPpEDWRvKwDX7Py9UNT7SvLHvBdIfckGA3OsAEBdiAtuYQNcVmUDeBajm+08v5wyvHWBbWgkilQ==",
			"dev": true,
			"dependencies": {
				"@babel/parser": "^7.12.0",
				"@babel/types": "^7.12.0",
				"@vue/shared": "3.0.6",
				"estree-walker": "^2.0.1",
				"source-map": "^0.6.1"
			}
		},
		"node_modules/@vue/compiler-dom": {
			"version": "3.0.6",
			"resolved": "https://registry.npmjs.org/@vue/compiler-dom/-/compiler-dom-3.0.6.tgz",
			"integrity": "sha512-q1wfHzYwvDRAhBlx+Qa+n3Bu5nHr1qL/j0UbpNlbQDwIlt9zpvmXUrUCL+i55Bh5lLKvSe+mNo0qlwNEApm+jA==",
			"dev": true,
			"dependencies": {
				"@vue/compiler-core": "3.0.6",
				"@vue/shared": "3.0.6"
			}
		},
		"node_modules/@vue/reactivity": {
			"version": "3.0.6",
			"resolved": "https://registry.npmjs.org/@vue/reactivity/-/reactivity-3.0.6.tgz",
			"integrity": "sha512-hX8PnZayNMoljWSYrZW0OclQnRaMoHxvi5eeFVFPDr7+tzBeiftmmozKttxxCLoDxBWX1B4gNc237DIcYU63Lw==",
			"dev": true,
			"dependencies": {
				"@vue/shared": "3.0.6"
			}
		},
		"node_modules/@vue/runtime-core": {
			"version": "3.0.6",
			"resolved": "https://registry.npmjs.org/@vue/runtime-core/-/runtime-core-3.0.6.tgz",
			"integrity": "sha512-x6N38P0DeMyrHiAxCE/rACHTyydOzlg8IyUIPkSJ4rrSkuJnAtFKQicK6fm8NuD21dwdPr8KcZ4Cn4xaqL1JJg==",
			"dev": true,
			"dependencies": {
				"@vue/reactivity": "3.0.6",
				"@vue/shared": "3.0.6"
			}
		},
		"node_modules/@vue/runtime-dom": {
			"version": "3.0.6",
			"resolved": "https://registry.npmjs.org/@vue/runtime-dom/-/runtime-dom-3.0.6.tgz",
			"integrity": "sha512-Y6y4Tak9//VXB2mp2NVQxbwC4a5xsnJpotpo8yBAB3qB3L4v4HQLpqxSkwThRwI6Y6Z7dydX/sgfraqLBE8BWg==",
			"dev": true,
			"dependencies": {
				"@vue/runtime-core": "3.0.6",
				"@vue/shared": "3.0.6",
				"csstype": "^2.6.8"
			}
		},
		"node_modules/@vue/shared": {
			"version": "3.0.6",
			"resolved": "https://registry.npmjs.org/@vue/shared/-/shared-3.0.6.tgz",
			"integrity": "sha512-c37C60HpelUZIx+SNZVEINSxkFzQYhIXFg5AynnIA4QDBmY4iSPoACfGSwSUTCTKImukPeCgY2oqRJVP3R1Mnw==",
			"dev": true
		},
		"node_modules/@xicons/utils": {
			"version": "0.1.4",
			"resolved": "https://registry.npmjs.org/@xicons/utils/-/utils-0.1.4.tgz",
			"integrity": "sha512-uXxKDLz9abr80yJC05XSTq6wlyFcdW+N/1IYJkeHjzzXVc4VQ0sEYMoMMTjAH7HQBOyOkzOB4pf5NGF72lwa8Q==",
			"dependencies": {
				"css-render": "^0.13.2"
			}
		},
		"node_modules/colorette": {
			"version": "1.2.2",
			"resolved": "https://registry.npmjs.org/colorette/-/colorette-1.2.2.tgz",
			"integrity": "sha512-MKGMzyfeuutC/ZJ1cba9NqcNpfeqMUcYmyF1ZFY6/Cn7CNSAKx6a+s48sqLqyAiZuaP2TcqMhoo+dlwFnVxT9w==",
			"dev": true
		},
		"node_modules/css-render": {
			"version": "0.13.9",
			"resolved": "https://registry.npmjs.org/css-render/-/css-render-0.13.9.tgz",
			"integrity": "sha512-n3C4ZH59rveBrUlAD7n0Ze9/gUMKa4dlH1C9CWKpGcIHR/xRcIVXzBGy1iw8WWq2ySmn2/ZqOpySQNAK5Pb6sw==",
			"dependencies": {
				"@emotion/hash": "~0.8.0",
				"@types/node": "~14.14.31",
				"csstype": "~3.0.5"
			}
		},
		"node_modules/css-render/node_modules/csstype": {
			"version": "3.0.8",
			"resolved": "https://registry.npmjs.org/csstype/-/csstype-3.0.8.tgz",
			"integrity": "sha512-jXKhWqXPmlUeoQnF/EhTtTl4C9SnrxSH/jZUih3jmO6lBKr99rP3/+FmrMj4EFpOXzMtXHAZkd3x0E6h6Fgflw=="
		},
		"node_modules/csstype": {
			"version": "2.6.16",
			"resolved": "https://registry.npmjs.org/csstype/-/csstype-2.6.16.tgz",
			"integrity": "sha512-61FBWoDHp/gRtsoDkq/B1nWrCUG/ok1E3tUrcNbZjsE9Cxd9yzUirjS3+nAATB8U4cTtaQmAHbNndoFz5L6C9Q==",
			"dev": true
		},
		"node_modules/esbuild": {
			"version": "0.8.53",
			"resolved": "https://registry.npmjs.org/esbuild/-/esbuild-0.8.53.tgz",
			"integrity": "sha512-GIaYGdMukH58hu+lf07XWAeESBYFAsz8fXnrylHDCbBXKOSNtFmoYA8PhSeSF+3/qzeJ0VjzV9AkLURo5yfu3g==",
			"dev": true,
			"hasInstallScript": true,
			"bin": {
				"esbuild": "bin/esbuild"
			}
		},
		"node_modules/estree-walker": {
			"version": "2.0.2",
			"resolved": "https://registry.npmjs.org/estree-walker/-/estree-walker-2.0.2.tgz",
			"integrity": "sha512-Rfkk/Mp/DL7JVje3u18FxFujQlTNR2q6QfMSMB7AvCBx91NGj/ba3kCfza0f6dVDbw7YlRf/nDrn7pQrCCyQ/w==",
			"dev": true
		},
		"node_modules/fsevents": {
			"version": "2.3.2",
			"resolved": "https://registry.npmjs.org/fsevents/-/fsevents-2.3.2.tgz",
			"integrity": "sha512-xiqMQR4xAeHTuB9uWm+fFRcIOgKBMiOBP+eXiyT7jsgVCq1bkVygt00oASowB7EdtpOHaaPgKt812P9ab+DDKA==",
			"dev": true,
			"hasInstallScript": true,
			"optional": true,
			"os": [
				"darwin"
			],
			"engines": {
				"node": "^8.16.0 || ^10.6.0 || >=11.0.0"
			}
		},
		"node_modules/function-bind": {
			"version": "1.1.1",
			"resolved": "https://registry.npmjs.org/function-bind/-/function-bind-1.1.1.tgz",
			"integrity": "sha512-yIovAzMX49sF8Yl58fSCWJ5svSLuaibPxXQJFLmBObTuCr0Mf1KiPopGM9NiFjiYBCbfaa2Fh6breQ6ANVTI0A==",
			"dev": true
		},
		"node_modules/has": {
			"version": "1.0.3",
			"resolved": "https://registry.npmjs.org/has/-/has-1.0.3.tgz",
			"integrity": "sha512-f2dvO0VU6Oej7RkWJGrehjbzMAjFp5/VKPp5tTpWIV4JHHZK1/BxbFRtf/siA2SWTe09caDmVtYYzWEIbBS4zw==",
			"dev": true,
			"dependencies": {
				"function-bind": "^1.1.1"
			},
			"engines": {
				"node": ">= 0.4.0"
			}
		},
		"node_modules/is-core-module": {
			"version": "2.2.0",
			"resolved": "https://registry.npmjs.org/is-core-module/-/is-core-module-2.2.0.tgz",
			"integrity": "sha512-XRAfAdyyY5F5cOXn7hYQDqh2Xmii+DEfIcQGxK/uNwMHhIkPWO0g8msXcbzLe+MpGoR951MlqM/2iIlU4vKDdQ==",
			"dev": true,
			"dependencies": {
				"has": "^1.0.3"
			},
			"funding": {
				"url": "https://github.com/sponsors/ljharb"
			}
		},
		"node_modules/lodash": {
			"version": "4.17.21",
			"resolved": "https://registry.npmjs.org/lodash/-/lodash-4.17.21.tgz",
			"integrity": "sha512-v2kDEe57lecTulaDIuNTPy3Ry4gLGJ6Z1O3vE1krgXZNrsQ+LFTGHVxVjcXPs17LhbZVGedAJv8XZ1tvj5FvSg==",
			"dev": true
		},
		"node_modules/nanoid": {
			"version": "3.1.20",
			"resolved": "https://registry.npmjs.org/nanoid/-/nanoid-3.1.20.tgz",
			"integrity": "sha512-a1cQNyczgKbLX9jwbS/+d7W8fX/RfgYR7lVWwWOGIPNgK2m0MWvrGF6/m4kk6U3QcFMnZf3RIhL0v2Jgh/0Uxw==",
			"dev": true,
			"bin": {
				"nanoid": "bin/nanoid.cjs"
			},
			"engines": {
				"node": "^10 || ^12 || ^13.7 || ^14 || >=15.0.1"
			}
		},
		"node_modules/path-parse": {
			"version": "1.0.6",
			"resolved": "https://registry.npmjs.org/path-parse/-/path-parse-1.0.6.tgz",
			"integrity": "sha512-GSmOT2EbHrINBf9SR7CDELwlJ8AENk3Qn7OikK4nFYAu3Ote2+JYNVvkpAEQm3/TLNEJFD/xZJjzyxg3KBWOzw==",
			"dev": true
		},
		"node_modules/postcss": {
			"version": "8.2.6",
			"resolved": "https://registry.npmjs.org/postcss/-/postcss-8.2.6.tgz",
			"integrity": "sha512-xpB8qYxgPuly166AGlpRjUdEYtmOWx2iCwGmrv4vqZL9YPVviDVPZPRXxnXr6xPZOdxQ9lp3ZBFCRgWJ7LE3Sg==",
			"dev": true,
			"dependencies": {
				"colorette": "^1.2.1",
				"nanoid": "^3.1.20",
				"source-map": "^0.6.1"
			},
			"engines": {
				"node": "^10 || ^12 || >=14"
			},
			"funding": {
				"type": "opencollective",
				"url": "https://opencollective.com/postcss/"
			}
		},
		"node_modules/resolve": {
			"version": "1.20.0",
			"resolved": "https://registry.npmjs.org/resolve/-/resolve-1.20.0.tgz",
			"integrity": "sha512-wENBPt4ySzg4ybFQW2TT1zMQucPK95HSh/nq2CFTZVOGut2+pQvSsgtda4d26YrYcr067wjbmzOG8byDPBX63A==",
			"dev": true,
			"dependencies": {
				"is-core-module": "^2.2.0",
				"path-parse": "^1.0.6"
			},
			"funding": {
				"url": "https://github.com/sponsors/ljharb"
			}
		},
		"node_modules/rollup": {
			"version": "2.40.0",
			"resolved": "https://registry.npmjs.org/rollup/-/rollup-2.40.0.tgz",
			"integrity": "sha512-WiOGAPbXoHu+TOz6hyYUxIksOwsY/21TRWoO593jgYt8mvYafYqQl+axaA8y1z2HFazNUUrsMSjahV2A6/2R9A==",
			"dev": true,
			"bin": {
				"rollup": "dist/bin/rollup"
			},
			"engines": {
				"node": ">=10.0.0"
			},
			"optionalDependencies": {
				"fsevents": "~2.3.1"
			}
		},
		"node_modules/source-map": {
			"version": "0.6.1",
			"resolved": "https://registry.npmjs.org/source-map/-/source-map-0.6.1.tgz",
			"integrity": "sha512-UjgapumWlbMhkBgzT7Ykc5YXUT46F0iKu8SGXq0bcwP5dz/h0Plj6enJqjz1Zbq2l5WaqYnrVbwWOWMyF3F47g==",
			"dev": true,
			"engines": {
				"node": ">=0.10.0"
			}
		},
		"node_modules/to-fast-properties": {
			"version": "2.0.0",
			"resolved": "https://registry.npmjs.org/to-fast-properties/-/to-fast-properties-2.0.0.tgz",
			"integrity": "sha1-3F5pjL0HkmW8c+A3doGk5Og/YW4=",
			"dev": true,
			"engines": {
				"node": ">=4"
			}
		},
		"node_modules/typescript": {
			"version": "4.2.2",
			"resolved": "https://registry.npmjs.org/typescript/-/typescript-4.2.2.tgz",
			"integrity": "sha512-tbb+NVrLfnsJy3M59lsDgrzWIflR4d4TIUjz+heUnHZwdF7YsrMTKoRERiIvI2lvBG95dfpLxB21WZhys1bgaQ==",
			"dev": true,
			"bin": {
				"tsc": "bin/tsc",
				"tsserver": "bin/tsserver"
			},
			"engines": {
				"node": ">=4.2.0"
			}
		},
		"node_modules/vite": {
			"version": "2.0.4",
			"resolved": "https://registry.npmjs.org/vite/-/vite-2.0.4.tgz",
			"integrity": "sha512-+PP89D7AKXFE4gps8c5+4eP5yXTh5qCogjdYX7iSsIxbLZAa26JoGSq6OLk0qdb/fqDh7gtJqGiLbG2V6NvkKQ==",
			"dev": true,
			"dependencies": {
				"esbuild": "^0.8.52",
				"postcss": "^8.2.1",
				"resolve": "^1.19.0",
				"rollup": "^2.38.5"
			},
			"bin": {
				"vite": "bin/vite.js"
			},
			"engines": {
				"node": ">=12.0.0"
			},
			"optionalDependencies": {
				"fsevents": "~2.3.1"
			}
		},
		"node_modules/vue": {
			"version": "3.0.6",
			"resolved": "https://registry.npmjs.org/vue/-/vue-3.0.6.tgz",
			"integrity": "sha512-fgjbe/+f1EsqG7ZbaFSnxdzQXF2DKoFCdJlPxZZJy9XMtyXS6SY8pGzLi8WYb4zmsPLHvTZz4bHW30kFDk7vfA==",
			"dev": true,
			"dependencies": {
				"@vue/compiler-dom": "3.0.6",
				"@vue/runtime-dom": "3.0.6",
				"@vue/shared": "3.0.6"
			}
		},
		"node_modules/xicons": {
			"version": "1.0.0",
			"resolved": "https://registry.npmjs.org/xicons/-/xicons-1.0.0.tgz",
			"integrity": "sha512-LIEQPAEQA55vRXXZym5RWtO20JC1/nGz02Jvcf2ufT21H2KTGAr8I4zEcoZM/2ADafkYPLROjZw6cKF5mO8Ckw==",
			"dev": true
		}
	},
	"dependencies": {
		"@babel/helper-validator-identifier": {
			"version": "7.12.11",
			"resolved": "https://registry.npmjs.org/@babel/helper-validator-identifier/-/helper-validator-identifier-7.12.11.tgz",
			"integrity": "sha512-np/lG3uARFybkoHokJUmf1QfEvRVCPbmQeUQpKow5cQ3xWrV9i3rUHodKDJPQfTVX61qKi+UdYk8kik84n7XOw==",
			"dev": true
		},
		"@babel/parser": {
			"version": "7.13.4",
			"resolved": "https://registry.npmjs.org/@babel/parser/-/parser-7.13.4.tgz",
			"integrity": "sha512-uvoOulWHhI+0+1f9L4BoozY7U5cIkZ9PgJqvb041d6vypgUmtVPG4vmGm4pSggjl8BELzvHyUeJSUyEMY6b+qA==",
			"dev": true
		},
		"@babel/types": {
			"version": "7.13.0",
			"resolved": "https://registry.npmjs.org/@babel/types/-/types-7.13.0.tgz",
			"integrity": "sha512-hE+HE8rnG1Z6Wzo+MhaKE5lM5eMx71T4EHJgku2E3xIfaULhDcxiiRxUYgwX8qwP1BBSlag+TdGOt6JAidIZTA==",
			"dev": true,
			"requires": {
				"@babel/helper-validator-identifier": "^7.12.11",
				"lodash": "^4.17.19",
				"to-fast-properties": "^2.0.0"
			}
		},
		"@emotion/hash": {
			"version": "0.8.0",
			"resolved": "https://registry.npmjs.org/@emotion/hash/-/hash-0.8.0.tgz",
			"integrity": "sha512-kBJtf7PH6aWwZ6fka3zQ0p6SBYzx4fl1LoZXE2RrnYST9Xljm7WfKJrU4g/Xr3Beg72MLrp1AWNUmuYJTL7Cow=="
		},
		"@types/node": {
			"version": "14.14.45",
			"resolved": "https://registry.npmjs.org/@types/node/-/node-14.14.45.tgz",
			"integrity": "sha512-DssMqTV9UnnoxDWu959sDLZzfvqCF0qDNRjaWeYSui9xkFe61kKo4l1TWNTQONpuXEm+gLMRvdlzvNHBamzmEw=="
		},
		"@vue/compiler-core": {
			"version": "3.0.6",
			"resolved": "https://registry.npmjs.org/@vue/compiler-core/-/compiler-core-3.0.6.tgz",
			"integrity": "sha512-O7QzQ39DskOoPpEDWRvKwDX7Py9UNT7SvLHvBdIfckGA3OsAEBdiAtuYQNcVmUDeBajm+08v5wyvHWBbWgkilQ==",
			"dev": true,
			"requires": {
				"@babel/parser": "^7.12.0",
				"@babel/types": "^7.12.0",
				"@vue/shared": "3.0.6",
				"estree-walker": "^2.0.1",
				"source-map": "^0.6.1"
			}
		},
		"@vue/compiler-dom": {
			"version": "3.0.6",
			"resolved": "https://registry.npmjs.org/@vue/compiler-dom/-/compiler-dom-3.0.6.tgz",
			"integrity": "sha512-q1wfHzYwvDRAhBlx+Qa+n3Bu5nHr1qL/j0UbpNlbQDwIlt9zpvmXUrUCL+i55Bh5lLKvSe+mNo0qlwNEApm+jA==",
			"dev": true,
			"requires": {
				"@vue/compiler-core": "3.0.6",
				"@vue/shared": "3.0.6"
			}
		},
		"@vue/reactivity": {
			"version": "3.0.6",
			"resolved": "https://registry.npmjs.org/@vue/reactivity/-/reactivity-3.0.6.tgz",
			"integrity": "sha512-hX8PnZayNMoljWSYrZW0OclQnRaMoHxvi5eeFVFPDr7+tzBeiftmmozKttxxCLoDxBWX1B4gNc237DIcYU63Lw==",
			"dev": true,
			"requires": {
				"@vue/shared": "3.0.6"
			}
		},
		"@vue/runtime-core": {
			"version": "3.0.6",
			"resolved": "https://registry.npmjs.org/@vue/runtime-core/-/runtime-core-3.0.6.tgz",
			"integrity": "sha512-x6N38P0DeMyrHiAxCE/rACHTyydOzlg8IyUIPkSJ4rrSkuJnAtFKQicK6fm8NuD21dwdPr8KcZ4Cn4xaqL1JJg==",
			"dev": true,
			"requires": {
				"@vue/reactivity": "3.0.6",
				"@vue/shared": "3.0.6"
			}
		},
		"@vue/runtime-dom": {
			"version": "3.0.6",
			"resolved": "https://registry.npmjs.org/@vue/runtime-dom/-/runtime-dom-3.0.6.tgz",
			"integrity": "sha512-Y6y4Tak9//VXB2mp2NVQxbwC4a5xsnJpotpo8yBAB3qB3L4v4HQLpqxSkwThRwI6Y6Z7dydX/sgfraqLBE8BWg==",
			"dev": true,
			"requires": {
				"@vue/runtime-core": "3.0.6",
				"@vue/shared": "3.0.6",
				"csstype": "^2.6.8"
			}
		},
		"@vue/shared": {
			"version": "3.0.6",
			"resolved": "https://registry.npmjs.org/@vue/shared/-/shared-3.0.6.tgz",
			"integrity": "sha512-c37C60HpelUZIx+SNZVEINSxkFzQYhIXFg5AynnIA4QDBmY4iSPoACfGSwSUTCTKImukPeCgY2oqRJVP3R1Mnw==",
			"dev": true
		},
		"@xicons/utils": {
			"version": "0.1.4",
			"resolved": "https://registry.npmjs.org/@xicons/utils/-/utils-0.1.4.tgz",
			"integrity": "sha512-uXxKDLz9abr80yJC05XSTq6wlyFcdW+N/1IYJkeHjzzXVc4VQ0sEYMoMMTjAH7HQBOyOkzOB4pf5NGF72lwa8Q==",
			"requires": {
				"css-render": "^0.13.2"
			}
		},
		"colorette": {
			"version": "1.2.2",
			"resolved": "https://registry.npmjs.org/colorette/-/colorette-1.2.2.tgz",
			"integrity": "sha512-MKGMzyfeuutC/ZJ1cba9NqcNpfeqMUcYmyF1ZFY6/Cn7CNSAKx6a+s48sqLqyAiZuaP2TcqMhoo+dlwFnVxT9w==",
			"dev": true
		},
		"css-render": {
			"version": "0.13.9",
			"resolved": "https://registry.npmjs.org/css-render/-/css-render-0.13.9.tgz",
			"integrity": "sha512-n3C4ZH59rveBrUlAD7n0Ze9/gUMKa4dlH1C9CWKpGcIHR/xRcIVXzBGy1iw8WWq2ySmn2/ZqOpySQNAK5Pb6sw==",
			"requires": {
				"@emotion/hash": "~0.8.0",
				"@types/node": "~14.14.31",
				"csstype": "~3.0.5"
			},
			"dependencies": {
				"csstype": {
					"version": "3.0.8",
					"resolved": "https://registry.npmjs.org/csstype/-/csstype-3.0.8.tgz",
					"integrity": "sha512-jXKhWqXPmlUeoQnF/EhTtTl4C9SnrxSH/jZUih3jmO6lBKr99rP3/+FmrMj4EFpOXzMtXHAZkd3x0E6h6Fgflw=="
				}
			}
		},
		"csstype": {
			"version": "2.6.16",
			"resolved": "https://registry.npmjs.org/csstype/-/csstype-2.6.16.tgz",
			"integrity": "sha512-61FBWoDHp/gRtsoDkq/B1nWrCUG/ok1E3tUrcNbZjsE9Cxd9yzUirjS3+nAATB8U4cTtaQmAHbNndoFz5L6C9Q==",
			"dev": true
		},
		"esbuild": {
			"version": "0.8.53",
			"resolved": "https://registry.npmjs.org/esbuild/-/esbuild-0.8.53.tgz",
			"integrity": "sha512-GIaYGdMukH58hu+lf07XWAeESBYFAsz8fXnrylHDCbBXKOSNtFmoYA8PhSeSF+3/qzeJ0VjzV9AkLURo5yfu3g==",
			"dev": true
		},
		"estree-walker": {
			"version": "2.0.2",
			"resolved": "https://registry.npmjs.org/estree-walker/-/estree-walker-2.0.2.tgz",
			"integrity": "sha512-Rfkk/Mp/DL7JVje3u18FxFujQlTNR2q6QfMSMB7AvCBx91NGj/ba3kCfza0f6dVDbw7YlRf/nDrn7pQrCCyQ/w==",
			"dev": true
		},
		"fsevents": {
			"version": "2.3.2",
			"resolved": "https://registry.npmjs.org/fsevents/-/fsevents-2.3.2.tgz",
			"integrity": "sha512-xiqMQR4xAeHTuB9uWm+fFRcIOgKBMiOBP+eXiyT7jsgVCq1bkVygt00oASowB7EdtpOHaaPgKt812P9ab+DDKA==",
			"dev": true,
			"optional": true
		},
		"function-bind": {
			"version": "1.1.1",
			"resolved": "https://registry.npmjs.org/function-bind/-/function-bind-1.1.1.tgz",
			"integrity": "sha512-yIovAzMX49sF8Yl58fSCWJ5svSLuaibPxXQJFLmBObTuCr0Mf1KiPopGM9NiFjiYBCbfaa2Fh6breQ6ANVTI0A==",
			"dev": true
		},
		"has": {
			"version": "1.0.3",
			"resolved": "https://registry.npmjs.org/has/-/has-1.0.3.tgz",
			"integrity": "sha512-f2dvO0VU6Oej7RkWJGrehjbzMAjFp5/VKPp5tTpWIV4JHHZK1/BxbFRtf/siA2SWTe09caDmVtYYzWEIbBS4zw==",
			"dev": true,
			"requires": {
				"function-bind": "^1.1.1"
			}
		},
		"is-core-module": {
			"version": "2.2.0",
			"resolved": "https://registry.npmjs.org/is-core-module/-/is-core-module-2.2.0.tgz",
			"integrity": "sha512-XRAfAdyyY5F5cOXn7hYQDqh2Xmii+DEfIcQGxK/uNwMHhIkPWO0g8msXcbzLe+MpGoR951MlqM/2iIlU4vKDdQ==",
			"dev": true,
			"requires": {
				"has": "^1.0.3"
			}
		},
		"lodash": {
			"version": "4.17.21",
			"resolved": "https://registry.npmjs.org/lodash/-/lodash-4.17.21.tgz",
			"integrity": "sha512-v2kDEe57lecTulaDIuNTPy3Ry4gLGJ6Z1O3vE1krgXZNrsQ+LFTGHVxVjcXPs17LhbZVGedAJv8XZ1tvj5FvSg==",
			"dev": true
		},
		"nanoid": {
			"version": "3.1.20",
			"resolved": "https://registry.npmjs.org/nanoid/-/nanoid-3.1.20.tgz",
			"integrity": "sha512-a1cQNyczgKbLX9jwbS/+d7W8fX/RfgYR7lVWwWOGIPNgK2m0MWvrGF6/m4kk6U3QcFMnZf3RIhL0v2Jgh/0Uxw==",
			"dev": true
		},
		"path-parse": {
			"version": "1.0.6",
			"resolved": "https://registry.npmjs.org/path-parse/-/path-parse-1.0.6.tgz",
			"integrity": "sha512-GSmOT2EbHrINBf9SR7CDELwlJ8AENk3Qn7OikK4nFYAu3Ote2+JYNVvkpAEQm3/TLNEJFD/xZJjzyxg3KBWOzw==",
			"dev": true
		},
		"postcss": {
			"version": "8.2.6",
			"resolved": "https://registry.npmjs.org/postcss/-/postcss-8.2.6.tgz",
			"integrity": "sha512-xpB8qYxgPuly166AGlpRjUdEYtmOWx2iCwGmrv4vqZL9YPVviDVPZPRXxnXr6xPZOdxQ9lp3ZBFCRgWJ7LE3Sg==",
			"dev": true,
			"requires": {
				"colorette": "^1.2.1",
				"nanoid": "^3.1.20",
				"source-map": "^0.6.1"
			}
		},
		"resolve": {
			"version": "1.20.0",
			"resolved": "https://registry.npmjs.org/resolve/-/resolve-1.20.0.tgz",
			"integrity": "sha512-wENBPt4ySzg4ybFQW2TT1zMQucPK95HSh/nq2CFTZVOGut2+pQvSsgtda4d26YrYcr067wjbmzOG8byDPBX63A==",
			"dev": true,
			"requires": {
				"is-core-module": "^2.2.0",
				"path-parse": "^1.0.6"
			}
		},
		"rollup": {
			"version": "2.40.0",
			"resolved": "https://registry.npmjs.org/rollup/-/rollup-2.40.0.tgz",
			"integrity": "sha512-WiOGAPbXoHu+TOz6hyYUxIksOwsY/21TRWoO593jgYt8mvYafYqQl+axaA8y1z2HFazNUUrsMSjahV2A6/2R9A==",
			"dev": true,
			"requires": {
				"fsevents": "~2.3.1"
			}
		},
		"source-map": {
			"version": "0.6.1",
			"resolved": "https://registry.npmjs.org/source-map/-/source-map-0.6.1.tgz",
			"integrity": "sha512-UjgapumWlbMhkBgzT7Ykc5YXUT46F0iKu8SGXq0bcwP5dz/h0Plj6enJqjz1Zbq2l5WaqYnrVbwWOWMyF3F47g==",
			"dev": true
		},
		"to-fast-properties": {
			"version": "2.0.0",
			"resolved": "https://registry.npmjs.org/to-fast-properties/-/to-fast-properties-2.0.0.tgz",
			"integrity": "sha1-3F5pjL0HkmW8c+A3doGk5Og/YW4=",
			"dev": true
		},
		"typescript": {
			"version": "4.2.2",
			"resolved": "https://registry.npmjs.org/typescript/-/typescript-4.2.2.tgz",
			"integrity": "sha512-tbb+NVrLfnsJy3M59lsDgrzWIflR4d4TIUjz+heUnHZwdF7YsrMTKoRERiIvI2lvBG95dfpLxB21WZhys1bgaQ==",
			"dev": true
		},
		"vite": {
			"version": "2.0.4",
			"resolved": "https://registry.npmjs.org/vite/-/vite-2.0.4.tgz",
			"integrity": "sha512-+PP89D7AKXFE4gps8c5+4eP5yXTh5qCogjdYX7iSsIxbLZAa26JoGSq6OLk0qdb/fqDh7gtJqGiLbG2V6NvkKQ==",
			"dev": true,
			"requires": {
				"esbuild": "^0.8.52",
				"fsevents": "~2.3.1",
				"postcss": "^8.2.1",
				"resolve": "^1.19.0",
				"rollup": "^2.38.5"
			}
		},
		"vue": {
			"version": "3.0.6",
			"resolved": "https://registry.npmjs.org/vue/-/vue-3.0.6.tgz",
			"integrity": "sha512-fgjbe/+f1EsqG7ZbaFSnxdzQXF2DKoFCdJlPxZZJy9XMtyXS6SY8pGzLi8WYb4zmsPLHvTZz4bHW30kFDk7vfA==",
			"dev": true,
			"requires": {
				"@vue/compiler-dom": "3.0.6",
				"@vue/runtime-dom": "3.0.6",
				"@vue/shared": "3.0.6"
			}
		},
		"xicons": {
			"version": "1.0.0",
			"resolved": "https://registry.npmjs.org/xicons/-/xicons-1.0.0.tgz",
			"integrity": "sha512-LIEQPAEQA55vRXXZym5RWtO20JC1/nGz02Jvcf2ufT21H2KTGAr8I4zEcoZM/2ADafkYPLROjZw6cKF5mO8Ckw==",
			"dev": true
		}
	}
}
