{
	"name": "@ricons/utils",
	"version": "0.1.4",
	"lockfileVersion": 2,
	"requires": true,
	"packages": {
		"": {
			"name": "@ricons/utils",
			"version": "0.1.4",
			"license": "MIT",
			"dependencies": {
				"@xicons/utils": "^0.1.4"
			},
			"devDependencies": {
				"@types/react": "^17.0.2",
				"react": "^17.0.1",
				"typescript": "^4.2.2",
				"vite": "^2.0.4",
				"xicons": "1.0.0"
			},
			"peerDependencies": {
				"react": ">=16.9.0",
				"react-dom": ">=16.9.0"
			}
		},
		"node_modules/@emotion/hash": {
			"version": "0.8.0",
			"resolved": "https://registry.npmjs.org/@emotion/hash/-/hash-0.8.0.tgz",
			"integrity": "sha512-kBJtf7PH6aWwZ6fka3zQ0p6SBYzx4fl1LoZXE2RrnYST9Xljm7WfKJrU4g/Xr3Beg72MLrp1AWNUmuYJTL7Cow=="
		},
		"node_modules/@types/node": {
			"version": "14.14.45",
			"resolved": "https://registry.npmjs.org/@types/node/-/node-14.14.45.tgz",
			"integrity": "sha512-DssMqTV9UnnoxDWu959sDLZzfvqCF0qDNRjaWeYSui9xkFe61kKo4l1TWNTQONpuXEm+gLMRvdlzvNHBamzmEw=="
		},
		"node_modules/@types/prop-types": {
			"version": "15.7.3",
			"resolved": "https://registry.npmjs.org/@types/prop-types/-/prop-types-15.7.3.tgz",
			"integrity": "sha512-KfRL3PuHmqQLOG+2tGpRO26Ctg+Cq1E01D2DMriKEATHgWLfeNDmq9e29Q9WIky0dQ3NPkd1mzYH8Lm936Z9qw==",
			"dev": true
		},
		"node_modules/@types/react": {
			"version": "17.0.2",
			"resolved": "https://registry.npmjs.org/@types/react/-/react-17.0.2.tgz",
			"integrity": "sha512-Xt40xQsrkdvjn1EyWe1Bc0dJLcil/9x2vAuW7ya+PuQip4UYUaXyhzWmAbwRsdMgwOFHpfp7/FFZebDU6Y8VHA==",
			"dev": true,
			"dependencies": {
				"@types/prop-types": "*",
				"csstype": "^3.0.2"
			}
		},
		"node_modules/@xicons/utils": {
			"version": "0.1.4",
			"resolved": "https://registry.npmjs.org/@xicons/utils/-/utils-0.1.4.tgz",
			"integrity": "sha512-uXxKDLz9abr80yJC05XSTq6wlyFcdW+N/1IYJkeHjzzXVc4VQ0sEYMoMMTjAH7HQBOyOkzOB4pf5NGF72lwa8Q==",
			"dependencies": {
				"css-render": "^0.13.2"
			}
		},
		"node_modules/colorette": {
			"version": "1.2.2",
			"resolved": "https://registry.npmjs.org/colorette/-/colorette-1.2.2.tgz",
			"integrity": "sha512-MKGMzyfeuutC/ZJ1cba9NqcNpfeqMUcYmyF1ZFY6/Cn7CNSAKx6a+s48sqLqyAiZuaP2TcqMhoo+dlwFnVxT9w==",
			"dev": true
		},
		"node_modules/css-render": {
			"version": "0.13.9",
			"resolved": "https://registry.npmjs.org/css-render/-/css-render-0.13.9.tgz",
			"integrity": "sha512-n3C4ZH59rveBrUlAD7n0Ze9/gUMKa4dlH1C9CWKpGcIHR/xRcIVXzBGy1iw8WWq2ySmn2/ZqOpySQNAK5Pb6sw==",
			"dependencies": {
				"@emotion/hash": "~0.8.0",
				"@types/node": "~14.14.31",
				"csstype": "~3.0.5"
			}
		},
		"node_modules/csstype": {
			"version": "3.0.7",
			"resolved": "https://registry.npmjs.org/csstype/-/csstype-3.0.7.tgz",
			"integrity": "sha512-KxnUB0ZMlnUWCsx2Z8MUsr6qV6ja1w9ArPErJaJaF8a5SOWoHLIszeCTKGRGRgtLgYrs1E8CHkNSP1VZTTPc9g=="
		},
		"node_modules/esbuild": {
			"version": "0.8.53",
			"resolved": "https://registry.npmjs.org/esbuild/-/esbuild-0.8.53.tgz",
			"integrity": "sha512-GIaYGdMukH58hu+lf07XWAeESBYFAsz8fXnrylHDCbBXKOSNtFmoYA8PhSeSF+3/qzeJ0VjzV9AkLURo5yfu3g==",
			"dev": true,
			"hasInstallScript": true,
			"bin": {
				"esbuild": "bin/esbuild"
			}
		},
		"node_modules/fsevents": {
			"version": "2.3.2",
			"resolved": "https://registry.npmjs.org/fsevents/-/fsevents-2.3.2.tgz",
			"integrity": "sha512-xiqMQR4xAeHTuB9uWm+fFRcIOgKBMiOBP+eXiyT7jsgVCq1bkVygt00oASowB7EdtpOHaaPgKt812P9ab+DDKA==",
			"dev": true,
			"hasInstallScript": true,
			"optional": true,
			"os": [
				"darwin"
			],
			"engines": {
				"node": "^8.16.0 || ^10.6.0 || >=11.0.0"
			}
		},
		"node_modules/function-bind": {
			"version": "1.1.1",
			"resolved": "https://registry.npmjs.org/function-bind/-/function-bind-1.1.1.tgz",
			"integrity": "sha512-yIovAzMX49sF8Yl58fSCWJ5svSLuaibPxXQJFLmBObTuCr0Mf1KiPopGM9NiFjiYBCbfaa2Fh6breQ6ANVTI0A==",
			"dev": true
		},
		"node_modules/has": {
			"version": "1.0.3",
			"resolved": "https://registry.npmjs.org/has/-/has-1.0.3.tgz",
			"integrity": "sha512-f2dvO0VU6Oej7RkWJGrehjbzMAjFp5/VKPp5tTpWIV4JHHZK1/BxbFRtf/siA2SWTe09caDmVtYYzWEIbBS4zw==",
			"dev": true,
			"dependencies": {
				"function-bind": "^1.1.1"
			},
			"engines": {
				"node": ">= 0.4.0"
			}
		},
		"node_modules/is-core-module": {
			"version": "2.2.0",
			"resolved": "https://registry.npmjs.org/is-core-module/-/is-core-module-2.2.0.tgz",
			"integrity": "sha512-XRAfAdyyY5F5cOXn7hYQDqh2Xmii+DEfIcQGxK/uNwMHhIkPWO0g8msXcbzLe+MpGoR951MlqM/2iIlU4vKDdQ==",
			"dev": true,
			"dependencies": {
				"has": "^1.0.3"
			},
			"funding": {
				"url": "https://github.com/sponsors/ljharb"
			}
		},
		"node_modules/js-tokens": {
			"version": "4.0.0",
			"resolved": "https://registry.npmjs.org/js-tokens/-/js-tokens-4.0.0.tgz",
			"integrity": "sha512-RdJUflcE3cUzKiMqQgsCu06FPu9UdIJO0beYbPhHN4k6apgJtifcoCtT9bcxOpYBtpD2kCM6Sbzg4CausW/PKQ=="
		},
		"node_modules/loose-envify": {
			"version": "1.4.0",
			"resolved": "https://registry.npmjs.org/loose-envify/-/loose-envify-1.4.0.tgz",
			"integrity": "sha512-lyuxPGr/Wfhrlem2CL/UcnUc1zcqKAImBDzukY7Y5F/yQiNdko6+fRLevlw1HgMySw7f611UIY408EtxRSoK3Q==",
			"dependencies": {
				"js-tokens": "^3.0.0 || ^4.0.0"
			},
			"bin": {
				"loose-envify": "cli.js"
			}
		},
		"node_modules/nanoid": {
			"version": "3.1.20",
			"resolved": "https://registry.npmjs.org/nanoid/-/nanoid-3.1.20.tgz",
			"integrity": "sha512-a1cQNyczgKbLX9jwbS/+d7W8fX/RfgYR7lVWwWOGIPNgK2m0MWvrGF6/m4kk6U3QcFMnZf3RIhL0v2Jgh/0Uxw==",
			"dev": true,
			"bin": {
				"nanoid": "bin/nanoid.cjs"
			},
			"engines": {
				"node": "^10 || ^12 || ^13.7 || ^14 || >=15.0.1"
			}
		},
		"node_modules/object-assign": {
			"version": "4.1.1",
			"resolved": "https://registry.npmjs.org/object-assign/-/object-assign-4.1.1.tgz",
			"integrity": "sha1-IQmtx5ZYh8/AXLvUQsrIv7s2CGM=",
			"engines": {
				"node": ">=0.10.0"
			}
		},
		"node_modules/path-parse": {
			"version": "1.0.6",
			"resolved": "https://registry.npmjs.org/path-parse/-/path-parse-1.0.6.tgz",
			"integrity": "sha512-GSmOT2EbHrINBf9SR7CDELwlJ8AENk3Qn7OikK4nFYAu3Ote2+JYNVvkpAEQm3/TLNEJFD/xZJjzyxg3KBWOzw==",
			"dev": true
		},
		"node_modules/postcss": {
			"version": "8.2.6",
			"resolved": "https://registry.npmjs.org/postcss/-/postcss-8.2.6.tgz",
			"integrity": "sha512-xpB8qYxgPuly166AGlpRjUdEYtmOWx2iCwGmrv4vqZL9YPVviDVPZPRXxnXr6xPZOdxQ9lp3ZBFCRgWJ7LE3Sg==",
			"dev": true,
			"dependencies": {
				"colorette": "^1.2.1",
				"nanoid": "^3.1.20",
				"source-map": "^0.6.1"
			},
			"engines": {
				"node": "^10 || ^12 || >=14"
			},
			"funding": {
				"type": "opencollective",
				"url": "https://opencollective.com/postcss/"
			}
		},
		"node_modules/react": {
			"version": "17.0.1",
			"resolved": "https://registry.npmjs.org/react/-/react-17.0.1.tgz",
			"integrity": "sha512-lG9c9UuMHdcAexXtigOZLX8exLWkW0Ku29qPRU8uhF2R9BN96dLCt0psvzPLlHc5OWkgymP3qwTRgbnw5BKx3w==",
			"dependencies": {
				"loose-envify": "^1.1.0",
				"object-assign": "^4.1.1"
			},
			"engines": {
				"node": ">=0.10.0"
			}
		},
		"node_modules/react-dom": {
			"version": "17.0.1",
			"resolved": "https://registry.npmjs.org/react-dom/-/react-dom-17.0.1.tgz",
			"integrity": "sha512-6eV150oJZ9U2t9svnsspTMrWNyHc6chX0KzDeAOXftRa8bNeOKTTfCJ7KorIwenkHd2xqVTBTCZd79yk/lx/Ug==",
			"peer": true,
			"dependencies": {
				"loose-envify": "^1.1.0",
				"object-assign": "^4.1.1",
				"scheduler": "^0.20.1"
			},
			"peerDependencies": {
				"react": "17.0.1"
			}
		},
		"node_modules/resolve": {
			"version": "1.20.0",
			"resolved": "https://registry.npmjs.org/resolve/-/resolve-1.20.0.tgz",
			"integrity": "sha512-wENBPt4ySzg4ybFQW2TT1zMQucPK95HSh/nq2CFTZVOGut2+pQvSsgtda4d26YrYcr067wjbmzOG8byDPBX63A==",
			"dev": true,
			"dependencies": {
				"is-core-module": "^2.2.0",
				"path-parse": "^1.0.6"
			},
			"funding": {
				"url": "https://github.com/sponsors/ljharb"
			}
		},
		"node_modules/rollup": {
			"version": "2.40.0",
			"resolved": "https://registry.npmjs.org/rollup/-/rollup-2.40.0.tgz",
			"integrity": "sha512-WiOGAPbXoHu+TOz6hyYUxIksOwsY/21TRWoO593jgYt8mvYafYqQl+axaA8y1z2HFazNUUrsMSjahV2A6/2R9A==",
			"dev": true,
			"bin": {
				"rollup": "dist/bin/rollup"
			},
			"engines": {
				"node": ">=10.0.0"
			},
			"optionalDependencies": {
				"fsevents": "~2.3.1"
			}
		},
		"node_modules/scheduler": {
			"version": "0.20.1",
			"resolved": "https://registry.npmjs.org/scheduler/-/scheduler-0.20.1.tgz",
			"integrity": "sha512-LKTe+2xNJBNxu/QhHvDR14wUXHRQbVY5ZOYpOGWRzhydZUqrLb2JBvLPY7cAqFmqrWuDED0Mjk7013SZiOz6Bw==",
			"peer": true,
			"dependencies": {
				"loose-envify": "^1.1.0",
				"object-assign": "^4.1.1"
			}
		},
		"node_modules/source-map": {
			"version": "0.6.1",
			"resolved": "https://registry.npmjs.org/source-map/-/source-map-0.6.1.tgz",
			"integrity": "sha512-UjgapumWlbMhkBgzT7Ykc5YXUT46F0iKu8SGXq0bcwP5dz/h0Plj6enJqjz1Zbq2l5WaqYnrVbwWOWMyF3F47g==",
			"dev": true,
			"engines": {
				"node": ">=0.10.0"
			}
		},
		"node_modules/typescript": {
			"version": "4.2.2",
			"resolved": "https://registry.npmjs.org/typescript/-/typescript-4.2.2.tgz",
			"integrity": "sha512-tbb+NVrLfnsJy3M59lsDgrzWIflR4d4TIUjz+heUnHZwdF7YsrMTKoRERiIvI2lvBG95dfpLxB21WZhys1bgaQ==",
			"dev": true,
			"bin": {
				"tsc": "bin/tsc",
				"tsserver": "bin/tsserver"
			},
			"engines": {
				"node": ">=4.2.0"
			}
		},
		"node_modules/vite": {
			"version": "2.0.4",
			"resolved": "https://registry.npmjs.org/vite/-/vite-2.0.4.tgz",
			"integrity": "sha512-+PP89D7AKXFE4gps8c5+4eP5yXTh5qCogjdYX7iSsIxbLZAa26JoGSq6OLk0qdb/fqDh7gtJqGiLbG2V6NvkKQ==",
			"dev": true,
			"dependencies": {
				"esbuild": "^0.8.52",
				"postcss": "^8.2.1",
				"resolve": "^1.19.0",
				"rollup": "^2.38.5"
			},
			"bin": {
				"vite": "bin/vite.js"
			},
			"engines": {
				"node": ">=12.0.0"
			},
			"optionalDependencies": {
				"fsevents": "~2.3.1"
			}
		},
		"node_modules/xicons": {
			"version": "1.0.0",
			"resolved": "https://registry.npmjs.org/xicons/-/xicons-1.0.0.tgz",
			"integrity": "sha512-LIEQPAEQA55vRXXZym5RWtO20JC1/nGz02Jvcf2ufT21H2KTGAr8I4zEcoZM/2ADafkYPLROjZw6cKF5mO8Ckw==",
			"dev": true
		}
	},
	"dependencies": {
		"@emotion/hash": {
			"version": "0.8.0",
			"resolved": "https://registry.npmjs.org/@emotion/hash/-/hash-0.8.0.tgz",
			"integrity": "sha512-kBJtf7PH6aWwZ6fka3zQ0p6SBYzx4fl1LoZXE2RrnYST9Xljm7WfKJrU4g/Xr3Beg72MLrp1AWNUmuYJTL7Cow=="
		},
		"@types/node": {
			"version": "14.14.45",
			"resolved": "https://registry.npmjs.org/@types/node/-/node-14.14.45.tgz",
			"integrity": "sha512-DssMqTV9UnnoxDWu959sDLZzfvqCF0qDNRjaWeYSui9xkFe61kKo4l1TWNTQONpuXEm+gLMRvdlzvNHBamzmEw=="
		},
		"@types/prop-types": {
			"version": "15.7.3",
			"resolved": "https://registry.npmjs.org/@types/prop-types/-/prop-types-15.7.3.tgz",
			"integrity": "sha512-KfRL3PuHmqQLOG+2tGpRO26Ctg+Cq1E01D2DMriKEATHgWLfeNDmq9e29Q9WIky0dQ3NPkd1mzYH8Lm936Z9qw==",
			"dev": true
		},
		"@types/react": {
			"version": "17.0.2",
			"resolved": "https://registry.npmjs.org/@types/react/-/react-17.0.2.tgz",
			"integrity": "sha512-Xt40xQsrkdvjn1EyWe1Bc0dJLcil/9x2vAuW7ya+PuQip4UYUaXyhzWmAbwRsdMgwOFHpfp7/FFZebDU6Y8VHA==",
			"dev": true,
			"requires": {
				"@types/prop-types": "*",
				"csstype": "^3.0.2"
			}
		},
		"@xicons/utils": {
			"version": "0.1.4",
			"resolved": "https://registry.npmjs.org/@xicons/utils/-/utils-0.1.4.tgz",
			"integrity": "sha512-uXxKDLz9abr80yJC05XSTq6wlyFcdW+N/1IYJkeHjzzXVc4VQ0sEYMoMMTjAH7HQBOyOkzOB4pf5NGF72lwa8Q==",
			"requires": {
				"css-render": "^0.13.2"
			}
		},
		"colorette": {
			"version": "1.2.2",
			"resolved": "https://registry.npmjs.org/colorette/-/colorette-1.2.2.tgz",
			"integrity": "sha512-MKGMzyfeuutC/ZJ1cba9NqcNpfeqMUcYmyF1ZFY6/Cn7CNSAKx6a+s48sqLqyAiZuaP2TcqMhoo+dlwFnVxT9w==",
			"dev": true
		},
		"css-render": {
			"version": "0.13.9",
			"resolved": "https://registry.npmjs.org/css-render/-/css-render-0.13.9.tgz",
			"integrity": "sha512-n3C4ZH59rveBrUlAD7n0Ze9/gUMKa4dlH1C9CWKpGcIHR/xRcIVXzBGy1iw8WWq2ySmn2/ZqOpySQNAK5Pb6sw==",
			"requires": {
				"@emotion/hash": "~0.8.0",
				"@types/node": "~14.14.31",
				"csstype": "~3.0.5"
			}
		},
		"csstype": {
			"version": "3.0.7",
			"resolved": "https://registry.npmjs.org/csstype/-/csstype-3.0.7.tgz",
			"integrity": "sha512-KxnUB0ZMlnUWCsx2Z8MUsr6qV6ja1w9ArPErJaJaF8a5SOWoHLIszeCTKGRGRgtLgYrs1E8CHkNSP1VZTTPc9g=="
		},
		"esbuild": {
			"version": "0.8.53",
			"resolved": "https://registry.npmjs.org/esbuild/-/esbuild-0.8.53.tgz",
			"integrity": "sha512-GIaYGdMukH58hu+lf07XWAeESBYFAsz8fXnrylHDCbBXKOSNtFmoYA8PhSeSF+3/qzeJ0VjzV9AkLURo5yfu3g==",
			"dev": true
		},
		"fsevents": {
			"version": "2.3.2",
			"resolved": "https://registry.npmjs.org/fsevents/-/fsevents-2.3.2.tgz",
			"integrity": "sha512-xiqMQR4xAeHTuB9uWm+fFRcIOgKBMiOBP+eXiyT7jsgVCq1bkVygt00oASowB7EdtpOHaaPgKt812P9ab+DDKA==",
			"dev": true,
			"optional": true
		},
		"function-bind": {
			"version": "1.1.1",
			"resolved": "https://registry.npmjs.org/function-bind/-/function-bind-1.1.1.tgz",
			"integrity": "sha512-yIovAzMX49sF8Yl58fSCWJ5svSLuaibPxXQJFLmBObTuCr0Mf1KiPopGM9NiFjiYBCbfaa2Fh6breQ6ANVTI0A==",
			"dev": true
		},
		"has": {
			"version": "1.0.3",
			"resolved": "https://registry.npmjs.org/has/-/has-1.0.3.tgz",
			"integrity": "sha512-f2dvO0VU6Oej7RkWJGrehjbzMAjFp5/VKPp5tTpWIV4JHHZK1/BxbFRtf/siA2SWTe09caDmVtYYzWEIbBS4zw==",
			"dev": true,
			"requires": {
				"function-bind": "^1.1.1"
			}
		},
		"is-core-module": {
			"version": "2.2.0",
			"resolved": "https://registry.npmjs.org/is-core-module/-/is-core-module-2.2.0.tgz",
			"integrity": "sha512-XRAfAdyyY5F5cOXn7hYQDqh2Xmii+DEfIcQGxK/uNwMHhIkPWO0g8msXcbzLe+MpGoR951MlqM/2iIlU4vKDdQ==",
			"dev": true,
			"requires": {
				"has": "^1.0.3"
			}
		},
		"js-tokens": {
			"version": "4.0.0",
			"resolved": "https://registry.npmjs.org/js-tokens/-/js-tokens-4.0.0.tgz",
			"integrity": "sha512-RdJUflcE3cUzKiMqQgsCu06FPu9UdIJO0beYbPhHN4k6apgJtifcoCtT9bcxOpYBtpD2kCM6Sbzg4CausW/PKQ=="
		},
		"loose-envify": {
			"version": "1.4.0",
			"resolved": "https://registry.npmjs.org/loose-envify/-/loose-envify-1.4.0.tgz",
			"integrity": "sha512-lyuxPGr/Wfhrlem2CL/UcnUc1zcqKAImBDzukY7Y5F/yQiNdko6+fRLevlw1HgMySw7f611UIY408EtxRSoK3Q==",
			"requires": {
				"js-tokens": "^3.0.0 || ^4.0.0"
			}
		},
		"nanoid": {
			"version": "3.1.20",
			"resolved": "https://registry.npmjs.org/nanoid/-/nanoid-3.1.20.tgz",
			"integrity": "sha512-a1cQNyczgKbLX9jwbS/+d7W8fX/RfgYR7lVWwWOGIPNgK2m0MWvrGF6/m4kk6U3QcFMnZf3RIhL0v2Jgh/0Uxw==",
			"dev": true
		},
		"object-assign": {
			"version": "4.1.1",
			"resolved": "https://registry.npmjs.org/object-assign/-/object-assign-4.1.1.tgz",
			"integrity": "sha1-IQmtx5ZYh8/AXLvUQsrIv7s2CGM="
		},
		"path-parse": {
			"version": "1.0.6",
			"resolved": "https://registry.npmjs.org/path-parse/-/path-parse-1.0.6.tgz",
			"integrity": "sha512-GSmOT2EbHrINBf9SR7CDELwlJ8AENk3Qn7OikK4nFYAu3Ote2+JYNVvkpAEQm3/TLNEJFD/xZJjzyxg3KBWOzw==",
			"dev": true
		},
		"postcss": {
			"version": "8.2.6",
			"resolved": "https://registry.npmjs.org/postcss/-/postcss-8.2.6.tgz",
			"integrity": "sha512-xpB8qYxgPuly166AGlpRjUdEYtmOWx2iCwGmrv4vqZL9YPVviDVPZPRXxnXr6xPZOdxQ9lp3ZBFCRgWJ7LE3Sg==",
			"dev": true,
			"requires": {
				"colorette": "^1.2.1",
				"nanoid": "^3.1.20",
				"source-map": "^0.6.1"
			}
		},
		"react": {
			"version": "17.0.1",
			"resolved": "https://registry.npmjs.org/react/-/react-17.0.1.tgz",
			"integrity": "sha512-lG9c9UuMHdcAexXtigOZLX8exLWkW0Ku29qPRU8uhF2R9BN96dLCt0psvzPLlHc5OWkgymP3qwTRgbnw5BKx3w==",
			"requires": {
				"loose-envify": "^1.1.0",
				"object-assign": "^4.1.1"
			}
		},
		"react-dom": {
			"version": "17.0.1",
			"resolved": "https://registry.npmjs.org/react-dom/-/react-dom-17.0.1.tgz",
			"integrity": "sha512-6eV150oJZ9U2t9svnsspTMrWNyHc6chX0KzDeAOXftRa8bNeOKTTfCJ7KorIwenkHd2xqVTBTCZd79yk/lx/Ug==",
			"peer": true,
			"requires": {
				"loose-envify": "^1.1.0",
				"object-assign": "^4.1.1",
				"scheduler": "^0.20.1"
			}
		},
		"resolve": {
			"version": "1.20.0",
			"resolved": "https://registry.npmjs.org/resolve/-/resolve-1.20.0.tgz",
			"integrity": "sha512-wENBPt4ySzg4ybFQW2TT1zMQucPK95HSh/nq2CFTZVOGut2+pQvSsgtda4d26YrYcr067wjbmzOG8byDPBX63A==",
			"dev": true,
			"requires": {
				"is-core-module": "^2.2.0",
				"path-parse": "^1.0.6"
			}
		},
		"rollup": {
			"version": "2.40.0",
			"resolved": "https://registry.npmjs.org/rollup/-/rollup-2.40.0.tgz",
			"integrity": "sha512-WiOGAPbXoHu+TOz6hyYUxIksOwsY/21TRWoO593jgYt8mvYafYqQl+axaA8y1z2HFazNUUrsMSjahV2A6/2R9A==",
			"dev": true,
			"requires": {
				"fsevents": "~2.3.1"
			}
		},
		"scheduler": {
			"version": "0.20.1",
			"resolved": "https://registry.npmjs.org/scheduler/-/scheduler-0.20.1.tgz",
			"integrity": "sha512-LKTe+2xNJBNxu/QhHvDR14wUXHRQbVY5ZOYpOGWRzhydZUqrLb2JBvLPY7cAqFmqrWuDED0Mjk7013SZiOz6Bw==",
			"peer": true,
			"requires": {
				"loose-envify": "^1.1.0",
				"object-assign": "^4.1.1"
			}
		},
		"source-map": {
			"version": "0.6.1",
			"resolved": "https://registry.npmjs.org/source-map/-/source-map-0.6.1.tgz",
			"integrity": "sha512-UjgapumWlbMhkBgzT7Ykc5YXUT46F0iKu8SGXq0bcwP5dz/h0Plj6enJqjz1Zbq2l5WaqYnrVbwWOWMyF3F47g==",
			"dev": true
		},
		"typescript": {
			"version": "4.2.2",
			"resolved": "https://registry.npmjs.org/typescript/-/typescript-4.2.2.tgz",
			"integrity": "sha512-tbb+NVrLfnsJy3M59lsDgrzWIflR4d4TIUjz+heUnHZwdF7YsrMTKoRERiIvI2lvBG95dfpLxB21WZhys1bgaQ==",
			"dev": true
		},
		"vite": {
			"version": "2.0.4",
			"resolved": "https://registry.npmjs.org/vite/-/vite-2.0.4.tgz",
			"integrity": "sha512-+PP89D7AKXFE4gps8c5+4eP5yXTh5qCogjdYX7iSsIxbLZAa26JoGSq6OLk0qdb/fqDh7gtJqGiLbG2V6NvkKQ==",
			"dev": true,
			"requires": {
				"esbuild": "^0.8.52",
				"fsevents": "~2.3.1",
				"postcss": "^8.2.1",
				"resolve": "^1.19.0",
				"rollup": "^2.38.5"
			}
		},
		"xicons": {
			"version": "1.0.0",
			"resolved": "https://registry.npmjs.org/xicons/-/xicons-1.0.0.tgz",
			"integrity": "sha512-LIEQPAEQA55vRXXZym5RWtO20JC1/nGz02Jvcf2ufT21H2KTGAr8I4zEcoZM/2ADafkYPLROjZw6cKF5mO8Ckw==",
			"dev": true
		}
	}
}
