{
	"name": "xicons-site",
	"version": "0.0.0",
	"lockfileVersion": 2,
	"requires": true,
	"packages": {
		"": {
			"version": "0.0.0",
			"license": "MIT",
			"devDependencies": {
				"esbuild": "^0.8.53",
				"fs-extra": "^9.1.0",
				"lodash-es": "^4.17.21",
				"vite": "^2.0.4",
				"vooks": "^0.0.8",
				"vue-router": "^4.0.4",
				"vueuc": "^0.2.5"
			}
		},
		"node_modules/@babel/helper-validator-identifier": {
			"version": "7.12.11",
			"resolved": "https://registry.npmjs.org/@babel/helper-validator-identifier/-/helper-validator-identifier-7.12.11.tgz",
			"integrity": "sha512-np/lG3uARFybkoHokJUmf1QfEvRVCPbmQeUQpKow5cQ3xWrV9i3rUHodKDJPQfTVX61qKi+UdYk8kik84n7XOw==",
			"dev": true
		},
		"node_modules/@babel/parser": {
			"version": "7.13.4",
			"resolved": "https://registry.npmjs.org/@babel/parser/-/parser-7.13.4.tgz",
			"integrity": "sha512-uvoOulWHhI+0+1f9L4BoozY7U5cIkZ9PgJqvb041d6vypgUmtVPG4vmGm4pSggjl8BELzvHyUeJSUyEMY6b+qA==",
			"dev": true,
			"bin": {
				"parser": "bin/babel-parser.js"
			},
			"engines": {
				"node": ">=6.0.0"
			}
		},
		"node_modules/@babel/types": {
			"version": "7.13.0",
			"resolved": "https://registry.npmjs.org/@babel/types/-/types-7.13.0.tgz",
			"integrity": "sha512-hE+HE8rnG1Z6Wzo+MhaKE5lM5eMx71T4EHJgku2E3xIfaULhDcxiiRxUYgwX8qwP1BBSlag+TdGOt6JAidIZTA==",
			"dev": true,
			"dependencies": {
				"@babel/helper-validator-identifier": "^7.12.11",
				"lodash": "^4.17.19",
				"to-fast-properties": "^2.0.0"
			}
		},
		"node_modules/@emotion/hash": {
			"version": "0.8.0",
			"resolved": "https://registry.npmjs.org/@emotion/hash/-/hash-0.8.0.tgz",
			"integrity": "sha512-kBJtf7PH6aWwZ6fka3zQ0p6SBYzx4fl1LoZXE2RrnYST9Xljm7WfKJrU4g/Xr3Beg72MLrp1AWNUmuYJTL7Cow==",
			"dev": true
		},
		"node_modules/@jest/types": {
			"version": "26.6.2",
			"resolved": "https://registry.npmjs.org/@jest/types/-/types-26.6.2.tgz",
			"integrity": "sha512-fC6QCp7Sc5sX6g8Tvbmj4XUTbyrik0akgRy03yjXbQaBWWNWGE7SGtJk98m0N8nzegD/7SggrUlivxo5ax4KWQ==",
			"dev": true,
			"dependencies": {
				"@types/istanbul-lib-coverage": "^2.0.0",
				"@types/istanbul-reports": "^3.0.0",
				"@types/node": "*",
				"@types/yargs": "^15.0.0",
				"chalk": "^4.0.0"
			},
			"engines": {
				"node": ">= 10.14.2"
			}
		},
		"node_modules/@types/istanbul-lib-coverage": {
			"version": "2.0.3",
			"resolved": "https://registry.npmjs.org/@types/istanbul-lib-coverage/-/istanbul-lib-coverage-2.0.3.tgz",
			"integrity": "sha512-sz7iLqvVUg1gIedBOvlkxPlc8/uVzyS5OwGz1cKjXzkl3FpL3al0crU8YGU1WoHkxn0Wxbw5tyi6hvzJKNzFsw==",
			"dev": true
		},
		"node_modules/@types/istanbul-lib-report": {
			"version": "3.0.0",
			"resolved": "https://registry.npmjs.org/@types/istanbul-lib-report/-/istanbul-lib-report-3.0.0.tgz",
			"integrity": "sha512-plGgXAPfVKFoYfa9NpYDAkseG+g6Jr294RqeqcqDixSbU34MZVJRi/P+7Y8GDpzkEwLaGZZOpKIEmeVZNtKsrg==",
			"dev": true,
			"dependencies": {
				"@types/istanbul-lib-coverage": "*"
			}
		},
		"node_modules/@types/istanbul-reports": {
			"version": "3.0.0",
			"resolved": "https://registry.npmjs.org/@types/istanbul-reports/-/istanbul-reports-3.0.0.tgz",
			"integrity": "sha512-nwKNbvnwJ2/mndE9ItP/zc2TCzw6uuodnF4EHYWD+gCQDVBuRQL5UzbZD0/ezy1iKsFU2ZQiDqg4M9dN4+wZgA==",
			"dev": true,
			"dependencies": {
				"@types/istanbul-lib-report": "*"
			}
		},
		"node_modules/@types/jest": {
			"version": "26.0.20",
			"resolved": "https://registry.npmjs.org/@types/jest/-/jest-26.0.20.tgz",
			"integrity": "sha512-9zi2Y+5USJRxd0FsahERhBwlcvFh6D2GLQnY2FH2BzK8J9s9omvNHIbvABwIluXa0fD8XVKMLTO0aOEuUfACAA==",
			"dev": true,
			"dependencies": {
				"jest-diff": "^26.0.0",
				"pretty-format": "^26.0.0"
			}
		},
		"node_modules/@types/node": {
			"version": "14.14.31",
			"resolved": "https://registry.npmjs.org/@types/node/-/node-14.14.31.tgz",
			"integrity": "sha512-vFHy/ezP5qI0rFgJ7aQnjDXwAMrG0KqqIH7tQG5PPv3BWBayOPIQNBjVc/P6hhdZfMx51REc6tfDNXHUio893g==",
			"dev": true
		},
		"node_modules/@types/yargs": {
			"version": "15.0.13",
			"resolved": "https://registry.npmjs.org/@types/yargs/-/yargs-15.0.13.tgz",
			"integrity": "sha512-kQ5JNTrbDv3Rp5X2n/iUu37IJBDU2gsZ5R/g1/KHOOEc5IKfUFjXT6DENPGduh08I/pamwtEq4oul7gUqKTQDQ==",
			"dev": true,
			"dependencies": {
				"@types/yargs-parser": "*"
			}
		},
		"node_modules/@types/yargs-parser": {
			"version": "20.2.0",
			"resolved": "https://registry.npmjs.org/@types/yargs-parser/-/yargs-parser-20.2.0.tgz",
			"integrity": "sha512-37RSHht+gzzgYeobbG+KWryeAW8J33Nhr69cjTqSYymXVZEN9NbRYWoYlRtDhHKPVT1FyNKwaTPC1NynKZpzRA==",
			"dev": true
		},
		"node_modules/@vue/compiler-core": {
			"version": "3.0.6",
			"resolved": "https://registry.npmjs.org/@vue/compiler-core/-/compiler-core-3.0.6.tgz",
			"integrity": "sha512-O7QzQ39DskOoPpEDWRvKwDX7Py9UNT7SvLHvBdIfckGA3OsAEBdiAtuYQNcVmUDeBajm+08v5wyvHWBbWgkilQ==",
			"dev": true,
			"dependencies": {
				"@babel/parser": "^7.12.0",
				"@babel/types": "^7.12.0",
				"@vue/shared": "3.0.6",
				"estree-walker": "^2.0.1",
				"source-map": "^0.6.1"
			}
		},
		"node_modules/@vue/compiler-dom": {
			"version": "3.0.6",
			"resolved": "https://registry.npmjs.org/@vue/compiler-dom/-/compiler-dom-3.0.6.tgz",
			"integrity": "sha512-q1wfHzYwvDRAhBlx+Qa+n3Bu5nHr1qL/j0UbpNlbQDwIlt9zpvmXUrUCL+i55Bh5lLKvSe+mNo0qlwNEApm+jA==",
			"dev": true,
			"dependencies": {
				"@vue/compiler-core": "3.0.6",
				"@vue/shared": "3.0.6"
			}
		},
		"node_modules/@vue/reactivity": {
			"version": "3.0.6",
			"resolved": "https://registry.npmjs.org/@vue/reactivity/-/reactivity-3.0.6.tgz",
			"integrity": "sha512-hX8PnZayNMoljWSYrZW0OclQnRaMoHxvi5eeFVFPDr7+tzBeiftmmozKttxxCLoDxBWX1B4gNc237DIcYU63Lw==",
			"dev": true,
			"dependencies": {
				"@vue/shared": "3.0.6"
			}
		},
		"node_modules/@vue/runtime-core": {
			"version": "3.0.6",
			"resolved": "https://registry.npmjs.org/@vue/runtime-core/-/runtime-core-3.0.6.tgz",
			"integrity": "sha512-x6N38P0DeMyrHiAxCE/rACHTyydOzlg8IyUIPkSJ4rrSkuJnAtFKQicK6fm8NuD21dwdPr8KcZ4Cn4xaqL1JJg==",
			"dev": true,
			"dependencies": {
				"@vue/reactivity": "3.0.6",
				"@vue/shared": "3.0.6"
			}
		},
		"node_modules/@vue/runtime-dom": {
			"version": "3.0.6",
			"resolved": "https://registry.npmjs.org/@vue/runtime-dom/-/runtime-dom-3.0.6.tgz",
			"integrity": "sha512-Y6y4Tak9//VXB2mp2NVQxbwC4a5xsnJpotpo8yBAB3qB3L4v4HQLpqxSkwThRwI6Y6Z7dydX/sgfraqLBE8BWg==",
			"dev": true,
			"dependencies": {
				"@vue/runtime-core": "3.0.6",
				"@vue/shared": "3.0.6",
				"csstype": "^2.6.8"
			}
		},
		"node_modules/@vue/shared": {
			"version": "3.0.6",
			"resolved": "https://registry.npmjs.org/@vue/shared/-/shared-3.0.6.tgz",
			"integrity": "sha512-c37C60HpelUZIx+SNZVEINSxkFzQYhIXFg5AynnIA4QDBmY4iSPoACfGSwSUTCTKImukPeCgY2oqRJVP3R1Mnw==",
			"dev": true
		},
		"node_modules/ansi-regex": {
			"version": "5.0.0",
			"resolved": "https://registry.npmjs.org/ansi-regex/-/ansi-regex-5.0.0.tgz",
			"integrity": "sha512-bY6fj56OUQ0hU1KjFNDQuJFezqKdrAyFdIevADiqrWHwSlbmBNMHp5ak2f40Pm8JTFyM2mqxkG6ngkHO11f/lg==",
			"dev": true,
			"engines": {
				"node": ">=8"
			}
		},
		"node_modules/ansi-styles": {
			"version": "4.3.0",
			"resolved": "https://registry.npmjs.org/ansi-styles/-/ansi-styles-4.3.0.tgz",
			"integrity": "sha512-zbB9rCJAT1rbjiVDb2hqKFHNYLxgtk8NURxZ3IZwD3F6NtxbXZQCnnSi1Lkx+IDohdPlFp222wVALIheZJQSEg==",
			"dev": true,
			"dependencies": {
				"color-convert": "^2.0.1"
			},
			"engines": {
				"node": ">=8"
			},
			"funding": {
				"url": "https://github.com/chalk/ansi-styles?sponsor=1"
			}
		},
		"node_modules/at-least-node": {
			"version": "1.0.0",
			"resolved": "https://registry.npmjs.org/at-least-node/-/at-least-node-1.0.0.tgz",
			"integrity": "sha512-+q/t7Ekv1EDY2l6Gda6LLiX14rU9TV20Wa3ofeQmwPFZbOMo9DXrLbOjFaaclkXKWidIaopwAObQDqwWtGUjqg==",
			"dev": true,
			"engines": {
				"node": ">= 4.0.0"
			}
		},
		"node_modules/chalk": {
			"version": "4.1.0",
			"resolved": "https://registry.npmjs.org/chalk/-/chalk-4.1.0.tgz",
			"integrity": "sha512-qwx12AxXe2Q5xQ43Ac//I6v5aXTipYrSESdOgzrN+9XjgEpyjpKuvSGaN4qE93f7TQTlerQQ8S+EQ0EyDoVL1A==",
			"dev": true,
			"dependencies": {
				"ansi-styles": "^4.1.0",
				"supports-color": "^7.1.0"
			},
			"engines": {
				"node": ">=10"
			},
			"funding": {
				"url": "https://github.com/chalk/chalk?sponsor=1"
			}
		},
		"node_modules/color-convert": {
			"version": "2.0.1",
			"resolved": "https://registry.npmjs.org/color-convert/-/color-convert-2.0.1.tgz",
			"integrity": "sha512-RRECPsj7iu/xb5oKYcsFHSppFNnsj/52OVTRKb4zP5onXwVF3zVmmToNcOfGC+CRDpfK/U584fMg38ZHCaElKQ==",
			"dev": true,
			"dependencies": {
				"color-name": "~1.1.4"
			},
			"engines": {
				"node": ">=7.0.0"
			}
		},
		"node_modules/color-name": {
			"version": "1.1.4",
			"resolved": "https://registry.npmjs.org/color-name/-/color-name-1.1.4.tgz",
			"integrity": "sha512-dOy+3AuW3a2wNbZHIuMZpTcgjGuLU/uBL/ubcZF9OXbDo8ff4O8yVp5Bf0efS8uEoYo5q4Fx7dY9OgQGXgAsQA==",
			"dev": true
		},
		"node_modules/colorette": {
			"version": "1.2.2",
			"resolved": "https://registry.npmjs.org/colorette/-/colorette-1.2.2.tgz",
			"integrity": "sha512-MKGMzyfeuutC/ZJ1cba9NqcNpfeqMUcYmyF1ZFY6/Cn7CNSAKx6a+s48sqLqyAiZuaP2TcqMhoo+dlwFnVxT9w==",
			"dev": true
		},
		"node_modules/css-render": {
			"version": "0.12.0",
			"resolved": "https://registry.npmjs.org/css-render/-/css-render-0.12.0.tgz",
			"integrity": "sha512-rY5EKVDrUp7mkh1OSnH4dtDcnPOZ8O0io093MOb6eAt/C8dpZWOK7Ri7WUnNi9wx6YgpHI2w9bUJheJZ486zdA==",
			"dev": true,
			"dependencies": {
				"@emotion/hash": "~0.8.0",
				"csstype": "~3.0.5"
			}
		},
		"node_modules/css-render/node_modules/csstype": {
			"version": "3.0.7",
			"resolved": "https://registry.npmjs.org/csstype/-/csstype-3.0.7.tgz",
			"integrity": "sha512-KxnUB0ZMlnUWCsx2Z8MUsr6qV6ja1w9ArPErJaJaF8a5SOWoHLIszeCTKGRGRgtLgYrs1E8CHkNSP1VZTTPc9g==",
			"dev": true
		},
		"node_modules/csstype": {
			"version": "2.6.16",
			"resolved": "https://registry.npmjs.org/csstype/-/csstype-2.6.16.tgz",
			"integrity": "sha512-61FBWoDHp/gRtsoDkq/B1nWrCUG/ok1E3tUrcNbZjsE9Cxd9yzUirjS3+nAATB8U4cTtaQmAHbNndoFz5L6C9Q==",
			"dev": true
		},
		"node_modules/diff-sequences": {
			"version": "26.6.2",
			"resolved": "https://registry.npmjs.org/diff-sequences/-/diff-sequences-26.6.2.tgz",
			"integrity": "sha512-Mv/TDa3nZ9sbc5soK+OoA74BsS3mL37yixCvUAQkiuA4Wz6YtwP/K47n2rv2ovzHZvoiQeA5FTQOschKkEwB0Q==",
			"dev": true,
			"engines": {
				"node": ">= 10.14.2"
			}
		},
		"node_modules/esbuild": {
			"version": "0.8.53",
			"resolved": "https://registry.npmjs.org/esbuild/-/esbuild-0.8.53.tgz",
			"integrity": "sha512-GIaYGdMukH58hu+lf07XWAeESBYFAsz8fXnrylHDCbBXKOSNtFmoYA8PhSeSF+3/qzeJ0VjzV9AkLURo5yfu3g==",
			"dev": true,
			"hasInstallScript": true,
			"bin": {
				"esbuild": "bin/esbuild"
			}
		},
		"node_modules/estree-walker": {
			"version": "2.0.2",
			"resolved": "https://registry.npmjs.org/estree-walker/-/estree-walker-2.0.2.tgz",
			"integrity": "sha512-Rfkk/Mp/DL7JVje3u18FxFujQlTNR2q6QfMSMB7AvCBx91NGj/ba3kCfza0f6dVDbw7YlRf/nDrn7pQrCCyQ/w==",
			"dev": true
		},
		"node_modules/evtd": {
			"version": "0.1.1",
			"resolved": "https://registry.npmjs.org/evtd/-/evtd-0.1.1.tgz",
			"integrity": "sha512-iFXxFZ7Q49d4GdUDu0Mv0FVbiNxoFqfR2QbFjNSTjVL86QM3HDBL9eqPfatM1JW5eYScwiAqU7iJKxWN3Ozp/g==",
			"dev": true
		},
		"node_modules/fs-extra": {
			"version": "9.1.0",
			"resolved": "https://registry.npmjs.org/fs-extra/-/fs-extra-9.1.0.tgz",
			"integrity": "sha512-hcg3ZmepS30/7BSFqRvoo3DOMQu7IjqxO5nCDt+zM9XWjb33Wg7ziNT+Qvqbuc3+gWpzO02JubVyk2G4Zvo1OQ==",
			"dev": true,
			"dependencies": {
				"at-least-node": "^1.0.0",
				"graceful-fs": "^4.2.0",
				"jsonfile": "^6.0.1",
				"universalify": "^2.0.0"
			},
			"engines": {
				"node": ">=10"
			}
		},
		"node_modules/fsevents": {
			"version": "2.3.2",
			"resolved": "https://registry.npmjs.org/fsevents/-/fsevents-2.3.2.tgz",
			"integrity": "sha512-xiqMQR4xAeHTuB9uWm+fFRcIOgKBMiOBP+eXiyT7jsgVCq1bkVygt00oASowB7EdtpOHaaPgKt812P9ab+DDKA==",
			"dev": true,
			"hasInstallScript": true,
			"optional": true,
			"os": [
				"darwin"
			],
			"engines": {
				"node": "^8.16.0 || ^10.6.0 || >=11.0.0"
			}
		},
		"node_modules/function-bind": {
			"version": "1.1.1",
			"resolved": "https://registry.npmjs.org/function-bind/-/function-bind-1.1.1.tgz",
			"integrity": "sha512-yIovAzMX49sF8Yl58fSCWJ5svSLuaibPxXQJFLmBObTuCr0Mf1KiPopGM9NiFjiYBCbfaa2Fh6breQ6ANVTI0A==",
			"dev": true
		},
		"node_modules/graceful-fs": {
			"version": "4.2.6",
			"resolved": "https://registry.npmjs.org/graceful-fs/-/graceful-fs-4.2.6.tgz",
			"integrity": "sha512-nTnJ528pbqxYanhpDYsi4Rd8MAeaBA67+RZ10CM1m3bTAVFEDcd5AuA4a6W5YkGZ1iNXHzZz8T6TBKLeBuNriQ==",
			"dev": true
		},
		"node_modules/has": {
			"version": "1.0.3",
			"resolved": "https://registry.npmjs.org/has/-/has-1.0.3.tgz",
			"integrity": "sha512-f2dvO0VU6Oej7RkWJGrehjbzMAjFp5/VKPp5tTpWIV4JHHZK1/BxbFRtf/siA2SWTe09caDmVtYYzWEIbBS4zw==",
			"dev": true,
			"dependencies": {
				"function-bind": "^1.1.1"
			},
			"engines": {
				"node": ">= 0.4.0"
			}
		},
		"node_modules/has-flag": {
			"version": "4.0.0",
			"resolved": "https://registry.npmjs.org/has-flag/-/has-flag-4.0.0.tgz",
			"integrity": "sha512-EykJT/Q1KjTWctppgIAgfSO0tKVuZUjhgMr17kqTumMl6Afv3EISleU7qZUzoXDFTAHTDC4NOoG/ZxU3EvlMPQ==",
			"dev": true,
			"engines": {
				"node": ">=8"
			}
		},
		"node_modules/is-core-module": {
			"version": "2.2.0",
			"resolved": "https://registry.npmjs.org/is-core-module/-/is-core-module-2.2.0.tgz",
			"integrity": "sha512-XRAfAdyyY5F5cOXn7hYQDqh2Xmii+DEfIcQGxK/uNwMHhIkPWO0g8msXcbzLe+MpGoR951MlqM/2iIlU4vKDdQ==",
			"dev": true,
			"dependencies": {
				"has": "^1.0.3"
			},
			"funding": {
				"url": "https://github.com/sponsors/ljharb"
			}
		},
		"node_modules/jest-diff": {
			"version": "26.6.2",
			"resolved": "https://registry.npmjs.org/jest-diff/-/jest-diff-26.6.2.tgz",
			"integrity": "sha512-6m+9Z3Gv9wN0WFVasqjCL/06+EFCMTqDEUl/b87HYK2rAPTyfz4ZIuSlPhY51PIQRWx5TaxeF1qmXKe9gfN3sA==",
			"dev": true,
			"dependencies": {
				"chalk": "^4.0.0",
				"diff-sequences": "^26.6.2",
				"jest-get-type": "^26.3.0",
				"pretty-format": "^26.6.2"
			},
			"engines": {
				"node": ">= 10.14.2"
			}
		},
		"node_modules/jest-get-type": {
			"version": "26.3.0",
			"resolved": "https://registry.npmjs.org/jest-get-type/-/jest-get-type-26.3.0.tgz",
			"integrity": "sha512-TpfaviN1R2pQWkIihlfEanwOXK0zcxrKEE4MlU6Tn7keoXdN6/3gK/xl0yEh8DOunn5pOVGKf8hB4R9gVh04ig==",
			"dev": true,
			"engines": {
				"node": ">= 10.14.2"
			}
		},
		"node_modules/jsonfile": {
			"version": "6.1.0",
			"resolved": "https://registry.npmjs.org/jsonfile/-/jsonfile-6.1.0.tgz",
			"integrity": "sha512-5dgndWOriYSm5cnYaJNhalLNDKOqFwyDB/rr1E9ZsGciGvKPs8R2xYGCacuf3z6K1YKDz182fd+fY3cn3pMqXQ==",
			"dev": true,
			"dependencies": {
				"universalify": "^2.0.0"
			},
			"optionalDependencies": {
				"graceful-fs": "^4.1.6"
			}
		},
		"node_modules/lodash": {
			"version": "4.17.21",
			"resolved": "https://registry.npmjs.org/lodash/-/lodash-4.17.21.tgz",
			"integrity": "sha512-v2kDEe57lecTulaDIuNTPy3Ry4gLGJ6Z1O3vE1krgXZNrsQ+LFTGHVxVjcXPs17LhbZVGedAJv8XZ1tvj5FvSg==",
			"dev": true
		},
		"node_modules/lodash-es": {
			"version": "4.17.21",
			"resolved": "https://registry.npmjs.org/lodash-es/-/lodash-es-4.17.21.tgz",
			"integrity": "sha512-mKnC+QJ9pWVzv+C4/U3rRsHapFfHvQFoFB92e52xeyGMcX6/OlIl78je1u8vePzYZSkkogMPJ2yjxxsb89cxyw==",
			"dev": true
		},
		"node_modules/nanoid": {
			"version": "3.1.20",
			"resolved": "https://registry.npmjs.org/nanoid/-/nanoid-3.1.20.tgz",
			"integrity": "sha512-a1cQNyczgKbLX9jwbS/+d7W8fX/RfgYR7lVWwWOGIPNgK2m0MWvrGF6/m4kk6U3QcFMnZf3RIhL0v2Jgh/0Uxw==",
			"dev": true,
			"bin": {
				"nanoid": "bin/nanoid.cjs"
			},
			"engines": {
				"node": "^10 || ^12 || ^13.7 || ^14 || >=15.0.1"
			}
		},
		"node_modules/path-parse": {
			"version": "1.0.6",
			"resolved": "https://registry.npmjs.org/path-parse/-/path-parse-1.0.6.tgz",
			"integrity": "sha512-GSmOT2EbHrINBf9SR7CDELwlJ8AENk3Qn7OikK4nFYAu3Ote2+JYNVvkpAEQm3/TLNEJFD/xZJjzyxg3KBWOzw==",
			"dev": true
		},
		"node_modules/postcss": {
			"version": "8.2.6",
			"resolved": "https://registry.npmjs.org/postcss/-/postcss-8.2.6.tgz",
			"integrity": "sha512-xpB8qYxgPuly166AGlpRjUdEYtmOWx2iCwGmrv4vqZL9YPVviDVPZPRXxnXr6xPZOdxQ9lp3ZBFCRgWJ7LE3Sg==",
			"dev": true,
			"dependencies": {
				"colorette": "^1.2.1",
				"nanoid": "^3.1.20",
				"source-map": "^0.6.1"
			},
			"engines": {
				"node": "^10 || ^12 || >=14"
			},
			"funding": {
				"type": "opencollective",
				"url": "https://opencollective.com/postcss/"
			}
		},
		"node_modules/pretty-format": {
			"version": "26.6.2",
			"resolved": "https://registry.npmjs.org/pretty-format/-/pretty-format-26.6.2.tgz",
			"integrity": "sha512-7AeGuCYNGmycyQbCqd/3PWH4eOoX/OiCa0uphp57NVTeAGdJGaAliecxwBDHYQCIvrW7aDBZCYeNTP/WX69mkg==",
			"dev": true,
			"dependencies": {
				"@jest/types": "^26.6.2",
				"ansi-regex": "^5.0.0",
				"ansi-styles": "^4.0.0",
				"react-is": "^17.0.1"
			},
			"engines": {
				"node": ">= 10"
			}
		},
		"node_modules/react-is": {
			"version": "17.0.1",
			"resolved": "https://registry.npmjs.org/react-is/-/react-is-17.0.1.tgz",
			"integrity": "sha512-NAnt2iGDXohE5LI7uBnLnqvLQMtzhkiAOLXTmv+qnF9Ky7xAPcX8Up/xWIhxvLVGJvuLiNc4xQLtuqDRzb4fSA==",
			"dev": true
		},
		"node_modules/resize-observer-polyfill": {
			"version": "1.5.1",
			"resolved": "https://registry.npmjs.org/resize-observer-polyfill/-/resize-observer-polyfill-1.5.1.tgz",
			"integrity": "sha512-LwZrotdHOo12nQuZlHEmtuXdqGoOD0OhaxopaNFxWzInpEgaLWoVuAMbTzixuosCx2nEG58ngzW3vxdWoxIgdg==",
			"dev": true
		},
		"node_modules/resolve": {
			"version": "1.20.0",
			"resolved": "https://registry.npmjs.org/resolve/-/resolve-1.20.0.tgz",
			"integrity": "sha512-wENBPt4ySzg4ybFQW2TT1zMQucPK95HSh/nq2CFTZVOGut2+pQvSsgtda4d26YrYcr067wjbmzOG8byDPBX63A==",
			"dev": true,
			"dependencies": {
				"is-core-module": "^2.2.0",
				"path-parse": "^1.0.6"
			},
			"funding": {
				"url": "https://github.com/sponsors/ljharb"
			}
		},
		"node_modules/rollup": {
			"version": "2.40.0",
			"resolved": "https://registry.npmjs.org/rollup/-/rollup-2.40.0.tgz",
			"integrity": "sha512-WiOGAPbXoHu+TOz6hyYUxIksOwsY/21TRWoO593jgYt8mvYafYqQl+axaA8y1z2HFazNUUrsMSjahV2A6/2R9A==",
			"dev": true,
			"bin": {
				"rollup": "dist/bin/rollup"
			},
			"engines": {
				"node": ">=10.0.0"
			},
			"optionalDependencies": {
				"fsevents": "~2.3.1"
			}
		},
		"node_modules/seemly": {
			"version": "0.1.9",
			"resolved": "https://registry.npmjs.org/seemly/-/seemly-0.1.9.tgz",
			"integrity": "sha512-o4+Lamw7btpZmqR+iCqfZiyzFfmi/OGgGSzcOqZ/wccBniz/MEE8FrQmYjhHc2nJJH5G1y0FboW2vaiKoJGfOA==",
			"dev": true,
			"dependencies": {
				"@types/jest": "^26.0.20"
			}
		},
		"node_modules/source-map": {
			"version": "0.6.1",
			"resolved": "https://registry.npmjs.org/source-map/-/source-map-0.6.1.tgz",
			"integrity": "sha512-UjgapumWlbMhkBgzT7Ykc5YXUT46F0iKu8SGXq0bcwP5dz/h0Plj6enJqjz1Zbq2l5WaqYnrVbwWOWMyF3F47g==",
			"dev": true,
			"engines": {
				"node": ">=0.10.0"
			}
		},
		"node_modules/supports-color": {
			"version": "7.2.0",
			"resolved": "https://registry.npmjs.org/supports-color/-/supports-color-7.2.0.tgz",
			"integrity": "sha512-qpCAvRl9stuOHveKsn7HncJRvv501qIacKzQlO/+Lwxc9+0q2wLyv4Dfvt80/DPn2pqOBsJdDiogXGR9+OvwRw==",
			"dev": true,
			"dependencies": {
				"has-flag": "^4.0.0"
			},
			"engines": {
				"node": ">=8"
			}
		},
		"node_modules/to-fast-properties": {
			"version": "2.0.0",
			"resolved": "https://registry.npmjs.org/to-fast-properties/-/to-fast-properties-2.0.0.tgz",
			"integrity": "sha1-3F5pjL0HkmW8c+A3doGk5Og/YW4=",
			"dev": true,
			"engines": {
				"node": ">=4"
			}
		},
		"node_modules/universalify": {
			"version": "2.0.0",
			"resolved": "https://registry.npmjs.org/universalify/-/universalify-2.0.0.tgz",
			"integrity": "sha512-hAZsKq7Yy11Zu1DE0OzWjw7nnLZmJZYTDZZyEFHZdUhV8FkH5MCfoU1XMaxXovpyW5nq5scPqq0ZDP9Zyl04oQ==",
			"dev": true,
			"engines": {
				"node": ">= 10.0.0"
			}
		},
		"node_modules/vdirs": {
			"version": "0.1.0",
			"resolved": "https://registry.npmjs.org/vdirs/-/vdirs-0.1.0.tgz",
			"integrity": "sha512-IboPzBgxMBwvR94Br4e9uqba68w4JMQHgAcgL/f8MjSaTgypxgA0sW9cOXBPKkF/8YlFwS9StXKaVpR3Tj528A==",
			"dev": true,
			"dependencies": {
				"@types/node": "^14.14.10",
				"evtd": "^0.0.1-alpha.5",
				"vue": "^3.0.3"
			}
		},
		"node_modules/vdirs/node_modules/evtd": {
			"version": "0.0.1-alpha.5",
			"resolved": "https://registry.npmjs.org/evtd/-/evtd-0.0.1-alpha.5.tgz",
			"integrity": "sha512-JcoRsou39uWsLiff1+/fpa9U/e2ITmkiREJYHCtwc1xpqe8dK+sc24FMJjj1eYCfuZd0mm0ao/J1Ws7lTfsOrg==",
			"dev": true
		},
		"node_modules/vite": {
			"version": "2.0.4",
			"resolved": "https://registry.npmjs.org/vite/-/vite-2.0.4.tgz",
			"integrity": "sha512-+PP89D7AKXFE4gps8c5+4eP5yXTh5qCogjdYX7iSsIxbLZAa26JoGSq6OLk0qdb/fqDh7gtJqGiLbG2V6NvkKQ==",
			"dev": true,
			"dependencies": {
				"esbuild": "^0.8.52",
				"postcss": "^8.2.1",
				"resolve": "^1.19.0",
				"rollup": "^2.38.5"
			},
			"bin": {
				"vite": "bin/vite.js"
			},
			"engines": {
				"node": ">=12.0.0"
			},
			"optionalDependencies": {
				"fsevents": "~2.3.1"
			}
		},
		"node_modules/vooks": {
			"version": "0.0.8",
			"resolved": "https://registry.npmjs.org/vooks/-/vooks-0.0.8.tgz",
			"integrity": "sha512-3WtAPIVqoGvwZ0DAnX1WcZatgCKSy8xR5pRBcdn5/eMsqD2vlmAg7RfPab7MYGQQw5afcxHlWatOUwqOY/O5QQ==",
			"dev": true,
			"dependencies": {
				"evtd": "^0.1.0",
				"vue": "^3.0.0"
			}
		},
		"node_modules/vue": {
			"version": "3.0.6",
			"resolved": "https://registry.npmjs.org/vue/-/vue-3.0.6.tgz",
			"integrity": "sha512-fgjbe/+f1EsqG7ZbaFSnxdzQXF2DKoFCdJlPxZZJy9XMtyXS6SY8pGzLi8WYb4zmsPLHvTZz4bHW30kFDk7vfA==",
			"dev": true,
			"dependencies": {
				"@vue/compiler-dom": "3.0.6",
				"@vue/runtime-dom": "3.0.6",
				"@vue/shared": "3.0.6"
			}
		},
		"node_modules/vue-router": {
			"version": "4.0.4",
			"resolved": "https://registry.npmjs.org/vue-router/-/vue-router-4.0.4.tgz",
			"integrity": "sha512-uN6PDEaYdU9aRO7mU+Dkr1uaY49hV3fucEDG/Vre/Qj8ct3RoJS16vcPrvKVzn69zDDjBV5b9Xw7fZA9r6b/Iw==",
			"dev": true,
			"peerDependencies": {
				"vue": "^3.0.0"
			}
		},
		"node_modules/vueuc": {
			"version": "0.2.5",
			"resolved": "https://registry.npmjs.org/vueuc/-/vueuc-0.2.5.tgz",
			"integrity": "sha512-vKhHS8Dmlcx6M+xxMyMBQSyOF97MSsfj0h/X4cnpFAc3QYAc6lrBLpuAFtyi3ubzvUQA4KvNg8JVwVqC7MpvKQ==",
			"dev": true,
			"dependencies": {
				"css-render": "^0.12.0",
				"evtd": "^0.1.0",
				"resize-observer-polyfill": "^1.5.1",
				"seemly": "^0.1.2",
				"vdirs": "^0.1.0",
				"vooks": "^0.0.8",
				"vue": "^3.0.5"
			}
		}
	},
	"dependencies": {
		"@babel/helper-validator-identifier": {
			"version": "7.12.11",
			"resolved": "https://registry.npmjs.org/@babel/helper-validator-identifier/-/helper-validator-identifier-7.12.11.tgz",
			"integrity": "sha512-np/lG3uARFybkoHokJUmf1QfEvRVCPbmQeUQpKow5cQ3xWrV9i3rUHodKDJPQfTVX61qKi+UdYk8kik84n7XOw==",
			"dev": true
		},
		"@babel/parser": {
			"version": "7.13.4",
			"resolved": "https://registry.npmjs.org/@babel/parser/-/parser-7.13.4.tgz",
			"integrity": "sha512-uvoOulWHhI+0+1f9L4BoozY7U5cIkZ9PgJqvb041d6vypgUmtVPG4vmGm4pSggjl8BELzvHyUeJSUyEMY6b+qA==",
			"dev": true
		},
		"@babel/types": {
			"version": "7.13.0",
			"resolved": "https://registry.npmjs.org/@babel/types/-/types-7.13.0.tgz",
			"integrity": "sha512-hE+HE8rnG1Z6Wzo+MhaKE5lM5eMx71T4EHJgku2E3xIfaULhDcxiiRxUYgwX8qwP1BBSlag+TdGOt6JAidIZTA==",
			"dev": true,
			"requires": {
				"@babel/helper-validator-identifier": "^7.12.11",
				"lodash": "^4.17.19",
				"to-fast-properties": "^2.0.0"
			}
		},
		"@emotion/hash": {
			"version": "0.8.0",
			"resolved": "https://registry.npmjs.org/@emotion/hash/-/hash-0.8.0.tgz",
			"integrity": "sha512-kBJtf7PH6aWwZ6fka3zQ0p6SBYzx4fl1LoZXE2RrnYST9Xljm7WfKJrU4g/Xr3Beg72MLrp1AWNUmuYJTL7Cow==",
			"dev": true
		},
		"@jest/types": {
			"version": "26.6.2",
			"resolved": "https://registry.npmjs.org/@jest/types/-/types-26.6.2.tgz",
			"integrity": "sha512-fC6QCp7Sc5sX6g8Tvbmj4XUTbyrik0akgRy03yjXbQaBWWNWGE7SGtJk98m0N8nzegD/7SggrUlivxo5ax4KWQ==",
			"dev": true,
			"requires": {
				"@types/istanbul-lib-coverage": "^2.0.0",
				"@types/istanbul-reports": "^3.0.0",
				"@types/node": "*",
				"@types/yargs": "^15.0.0",
				"chalk": "^4.0.0"
			}
		},
		"@types/istanbul-lib-coverage": {
			"version": "2.0.3",
			"resolved": "https://registry.npmjs.org/@types/istanbul-lib-coverage/-/istanbul-lib-coverage-2.0.3.tgz",
			"integrity": "sha512-sz7iLqvVUg1gIedBOvlkxPlc8/uVzyS5OwGz1cKjXzkl3FpL3al0crU8YGU1WoHkxn0Wxbw5tyi6hvzJKNzFsw==",
			"dev": true
		},
		"@types/istanbul-lib-report": {
			"version": "3.0.0",
			"resolved": "https://registry.npmjs.org/@types/istanbul-lib-report/-/istanbul-lib-report-3.0.0.tgz",
			"integrity": "sha512-plGgXAPfVKFoYfa9NpYDAkseG+g6Jr294RqeqcqDixSbU34MZVJRi/P+7Y8GDpzkEwLaGZZOpKIEmeVZNtKsrg==",
			"dev": true,
			"requires": {
				"@types/istanbul-lib-coverage": "*"
			}
		},
		"@types/istanbul-reports": {
			"version": "3.0.0",
			"resolved": "https://registry.npmjs.org/@types/istanbul-reports/-/istanbul-reports-3.0.0.tgz",
			"integrity": "sha512-nwKNbvnwJ2/mndE9ItP/zc2TCzw6uuodnF4EHYWD+gCQDVBuRQL5UzbZD0/ezy1iKsFU2ZQiDqg4M9dN4+wZgA==",
			"dev": true,
			"requires": {
				"@types/istanbul-lib-report": "*"
			}
		},
		"@types/jest": {
			"version": "26.0.20",
			"resolved": "https://registry.npmjs.org/@types/jest/-/jest-26.0.20.tgz",
			"integrity": "sha512-9zi2Y+5USJRxd0FsahERhBwlcvFh6D2GLQnY2FH2BzK8J9s9omvNHIbvABwIluXa0fD8XVKMLTO0aOEuUfACAA==",
			"dev": true,
			"requires": {
				"jest-diff": "^26.0.0",
				"pretty-format": "^26.0.0"
			}
		},
		"@types/node": {
			"version": "14.14.31",
			"resolved": "https://registry.npmjs.org/@types/node/-/node-14.14.31.tgz",
			"integrity": "sha512-vFHy/ezP5qI0rFgJ7aQnjDXwAMrG0KqqIH7tQG5PPv3BWBayOPIQNBjVc/P6hhdZfMx51REc6tfDNXHUio893g==",
			"dev": true
		},
		"@types/yargs": {
			"version": "15.0.13",
			"resolved": "https://registry.npmjs.org/@types/yargs/-/yargs-15.0.13.tgz",
			"integrity": "sha512-kQ5JNTrbDv3Rp5X2n/iUu37IJBDU2gsZ5R/g1/KHOOEc5IKfUFjXT6DENPGduh08I/pamwtEq4oul7gUqKTQDQ==",
			"dev": true,
			"requires": {
				"@types/yargs-parser": "*"
			}
		},
		"@types/yargs-parser": {
			"version": "20.2.0",
			"resolved": "https://registry.npmjs.org/@types/yargs-parser/-/yargs-parser-20.2.0.tgz",
			"integrity": "sha512-37RSHht+gzzgYeobbG+KWryeAW8J33Nhr69cjTqSYymXVZEN9NbRYWoYlRtDhHKPVT1FyNKwaTPC1NynKZpzRA==",
			"dev": true
		},
		"@vue/compiler-core": {
			"version": "3.0.6",
			"resolved": "https://registry.npmjs.org/@vue/compiler-core/-/compiler-core-3.0.6.tgz",
			"integrity": "sha512-O7QzQ39DskOoPpEDWRvKwDX7Py9UNT7SvLHvBdIfckGA3OsAEBdiAtuYQNcVmUDeBajm+08v5wyvHWBbWgkilQ==",
			"dev": true,
			"requires": {
				"@babel/parser": "^7.12.0",
				"@babel/types": "^7.12.0",
				"@vue/shared": "3.0.6",
				"estree-walker": "^2.0.1",
				"source-map": "^0.6.1"
			}
		},
		"@vue/compiler-dom": {
			"version": "3.0.6",
			"resolved": "https://registry.npmjs.org/@vue/compiler-dom/-/compiler-dom-3.0.6.tgz",
			"integrity": "sha512-q1wfHzYwvDRAhBlx+Qa+n3Bu5nHr1qL/j0UbpNlbQDwIlt9zpvmXUrUCL+i55Bh5lLKvSe+mNo0qlwNEApm+jA==",
			"dev": true,
			"requires": {
				"@vue/compiler-core": "3.0.6",
				"@vue/shared": "3.0.6"
			}
		},
		"@vue/reactivity": {
			"version": "3.0.6",
			"resolved": "https://registry.npmjs.org/@vue/reactivity/-/reactivity-3.0.6.tgz",
			"integrity": "sha512-hX8PnZayNMoljWSYrZW0OclQnRaMoHxvi5eeFVFPDr7+tzBeiftmmozKttxxCLoDxBWX1B4gNc237DIcYU63Lw==",
			"dev": true,
			"requires": {
				"@vue/shared": "3.0.6"
			}
		},
		"@vue/runtime-core": {
			"version": "3.0.6",
			"resolved": "https://registry.npmjs.org/@vue/runtime-core/-/runtime-core-3.0.6.tgz",
			"integrity": "sha512-x6N38P0DeMyrHiAxCE/rACHTyydOzlg8IyUIPkSJ4rrSkuJnAtFKQicK6fm8NuD21dwdPr8KcZ4Cn4xaqL1JJg==",
			"dev": true,
			"requires": {
				"@vue/reactivity": "3.0.6",
				"@vue/shared": "3.0.6"
			}
		},
		"@vue/runtime-dom": {
			"version": "3.0.6",
			"resolved": "https://registry.npmjs.org/@vue/runtime-dom/-/runtime-dom-3.0.6.tgz",
			"integrity": "sha512-Y6y4Tak9//VXB2mp2NVQxbwC4a5xsnJpotpo8yBAB3qB3L4v4HQLpqxSkwThRwI6Y6Z7dydX/sgfraqLBE8BWg==",
			"dev": true,
			"requires": {
				"@vue/runtime-core": "3.0.6",
				"@vue/shared": "3.0.6",
				"csstype": "^2.6.8"
			}
		},
		"@vue/shared": {
			"version": "3.0.6",
			"resolved": "https://registry.npmjs.org/@vue/shared/-/shared-3.0.6.tgz",
			"integrity": "sha512-c37C60HpelUZIx+SNZVEINSxkFzQYhIXFg5AynnIA4QDBmY4iSPoACfGSwSUTCTKImukPeCgY2oqRJVP3R1Mnw==",
			"dev": true
		},
		"ansi-regex": {
			"version": "5.0.0",
			"resolved": "https://registry.npmjs.org/ansi-regex/-/ansi-regex-5.0.0.tgz",
			"integrity": "sha512-bY6fj56OUQ0hU1KjFNDQuJFezqKdrAyFdIevADiqrWHwSlbmBNMHp5ak2f40Pm8JTFyM2mqxkG6ngkHO11f/lg==",
			"dev": true
		},
		"ansi-styles": {
			"version": "4.3.0",
			"resolved": "https://registry.npmjs.org/ansi-styles/-/ansi-styles-4.3.0.tgz",
			"integrity": "sha512-zbB9rCJAT1rbjiVDb2hqKFHNYLxgtk8NURxZ3IZwD3F6NtxbXZQCnnSi1Lkx+IDohdPlFp222wVALIheZJQSEg==",
			"dev": true,
			"requires": {
				"color-convert": "^2.0.1"
			}
		},
		"at-least-node": {
			"version": "1.0.0",
			"resolved": "https://registry.npmjs.org/at-least-node/-/at-least-node-1.0.0.tgz",
			"integrity": "sha512-+q/t7Ekv1EDY2l6Gda6LLiX14rU9TV20Wa3ofeQmwPFZbOMo9DXrLbOjFaaclkXKWidIaopwAObQDqwWtGUjqg==",
			"dev": true
		},
		"chalk": {
			"version": "4.1.0",
			"resolved": "https://registry.npmjs.org/chalk/-/chalk-4.1.0.tgz",
			"integrity": "sha512-qwx12AxXe2Q5xQ43Ac//I6v5aXTipYrSESdOgzrN+9XjgEpyjpKuvSGaN4qE93f7TQTlerQQ8S+EQ0EyDoVL1A==",
			"dev": true,
			"requires": {
				"ansi-styles": "^4.1.0",
				"supports-color": "^7.1.0"
			}
		},
		"color-convert": {
			"version": "2.0.1",
			"resolved": "https://registry.npmjs.org/color-convert/-/color-convert-2.0.1.tgz",
			"integrity": "sha512-RRECPsj7iu/xb5oKYcsFHSppFNnsj/52OVTRKb4zP5onXwVF3zVmmToNcOfGC+CRDpfK/U584fMg38ZHCaElKQ==",
			"dev": true,
			"requires": {
				"color-name": "~1.1.4"
			}
		},
		"color-name": {
			"version": "1.1.4",
			"resolved": "https://registry.npmjs.org/color-name/-/color-name-1.1.4.tgz",
			"integrity": "sha512-dOy+3AuW3a2wNbZHIuMZpTcgjGuLU/uBL/ubcZF9OXbDo8ff4O8yVp5Bf0efS8uEoYo5q4Fx7dY9OgQGXgAsQA==",
			"dev": true
		},
		"colorette": {
			"version": "1.2.2",
			"resolved": "https://registry.npmjs.org/colorette/-/colorette-1.2.2.tgz",
			"integrity": "sha512-MKGMzyfeuutC/ZJ1cba9NqcNpfeqMUcYmyF1ZFY6/Cn7CNSAKx6a+s48sqLqyAiZuaP2TcqMhoo+dlwFnVxT9w==",
			"dev": true
		},
		"css-render": {
			"version": "0.12.0",
			"resolved": "https://registry.npmjs.org/css-render/-/css-render-0.12.0.tgz",
			"integrity": "sha512-rY5EKVDrUp7mkh1OSnH4dtDcnPOZ8O0io093MOb6eAt/C8dpZWOK7Ri7WUnNi9wx6YgpHI2w9bUJheJZ486zdA==",
			"dev": true,
			"requires": {
				"@emotion/hash": "~0.8.0",
				"csstype": "~3.0.5"
			},
			"dependencies": {
				"csstype": {
					"version": "3.0.7",
					"resolved": "https://registry.npmjs.org/csstype/-/csstype-3.0.7.tgz",
					"integrity": "sha512-KxnUB0ZMlnUWCsx2Z8MUsr6qV6ja1w9ArPErJaJaF8a5SOWoHLIszeCTKGRGRgtLgYrs1E8CHkNSP1VZTTPc9g==",
					"dev": true
				}
			}
		},
		"csstype": {
			"version": "2.6.16",
			"resolved": "https://registry.npmjs.org/csstype/-/csstype-2.6.16.tgz",
			"integrity": "sha512-61FBWoDHp/gRtsoDkq/B1nWrCUG/ok1E3tUrcNbZjsE9Cxd9yzUirjS3+nAATB8U4cTtaQmAHbNndoFz5L6C9Q==",
			"dev": true
		},
		"diff-sequences": {
			"version": "26.6.2",
			"resolved": "https://registry.npmjs.org/diff-sequences/-/diff-sequences-26.6.2.tgz",
			"integrity": "sha512-Mv/TDa3nZ9sbc5soK+OoA74BsS3mL37yixCvUAQkiuA4Wz6YtwP/K47n2rv2ovzHZvoiQeA5FTQOschKkEwB0Q==",
			"dev": true
		},
		"esbuild": {
			"version": "0.8.53",
			"resolved": "https://registry.npmjs.org/esbuild/-/esbuild-0.8.53.tgz",
			"integrity": "sha512-GIaYGdMukH58hu+lf07XWAeESBYFAsz8fXnrylHDCbBXKOSNtFmoYA8PhSeSF+3/qzeJ0VjzV9AkLURo5yfu3g==",
			"dev": true
		},
		"estree-walker": {
			"version": "2.0.2",
			"resolved": "https://registry.npmjs.org/estree-walker/-/estree-walker-2.0.2.tgz",
			"integrity": "sha512-Rfkk/Mp/DL7JVje3u18FxFujQlTNR2q6QfMSMB7AvCBx91NGj/ba3kCfza0f6dVDbw7YlRf/nDrn7pQrCCyQ/w==",
			"dev": true
		},
		"evtd": {
			"version": "0.1.1",
			"resolved": "https://registry.npmjs.org/evtd/-/evtd-0.1.1.tgz",
			"integrity": "sha512-iFXxFZ7Q49d4GdUDu0Mv0FVbiNxoFqfR2QbFjNSTjVL86QM3HDBL9eqPfatM1JW5eYScwiAqU7iJKxWN3Ozp/g==",
			"dev": true
		},
		"fs-extra": {
			"version": "9.1.0",
			"resolved": "https://registry.npmjs.org/fs-extra/-/fs-extra-9.1.0.tgz",
			"integrity": "sha512-hcg3ZmepS30/7BSFqRvoo3DOMQu7IjqxO5nCDt+zM9XWjb33Wg7ziNT+Qvqbuc3+gWpzO02JubVyk2G4Zvo1OQ==",
			"dev": true,
			"requires": {
				"at-least-node": "^1.0.0",
				"graceful-fs": "^4.2.0",
				"jsonfile": "^6.0.1",
				"universalify": "^2.0.0"
			}
		},
		"fsevents": {
			"version": "2.3.2",
			"resolved": "https://registry.npmjs.org/fsevents/-/fsevents-2.3.2.tgz",
			"integrity": "sha512-xiqMQR4xAeHTuB9uWm+fFRcIOgKBMiOBP+eXiyT7jsgVCq1bkVygt00oASowB7EdtpOHaaPgKt812P9ab+DDKA==",
			"dev": true,
			"optional": true
		},
		"function-bind": {
			"version": "1.1.1",
			"resolved": "https://registry.npmjs.org/function-bind/-/function-bind-1.1.1.tgz",
			"integrity": "sha512-yIovAzMX49sF8Yl58fSCWJ5svSLuaibPxXQJFLmBObTuCr0Mf1KiPopGM9NiFjiYBCbfaa2Fh6breQ6ANVTI0A==",
			"dev": true
		},
		"graceful-fs": {
			"version": "4.2.6",
			"resolved": "https://registry.npmjs.org/graceful-fs/-/graceful-fs-4.2.6.tgz",
			"integrity": "sha512-nTnJ528pbqxYanhpDYsi4Rd8MAeaBA67+RZ10CM1m3bTAVFEDcd5AuA4a6W5YkGZ1iNXHzZz8T6TBKLeBuNriQ==",
			"dev": true
		},
		"has": {
			"version": "1.0.3",
			"resolved": "https://registry.npmjs.org/has/-/has-1.0.3.tgz",
			"integrity": "sha512-f2dvO0VU6Oej7RkWJGrehjbzMAjFp5/VKPp5tTpWIV4JHHZK1/BxbFRtf/siA2SWTe09caDmVtYYzWEIbBS4zw==",
			"dev": true,
			"requires": {
				"function-bind": "^1.1.1"
			}
		},
		"has-flag": {
			"version": "4.0.0",
			"resolved": "https://registry.npmjs.org/has-flag/-/has-flag-4.0.0.tgz",
			"integrity": "sha512-EykJT/Q1KjTWctppgIAgfSO0tKVuZUjhgMr17kqTumMl6Afv3EISleU7qZUzoXDFTAHTDC4NOoG/ZxU3EvlMPQ==",
			"dev": true
		},
		"is-core-module": {
			"version": "2.2.0",
			"resolved": "https://registry.npmjs.org/is-core-module/-/is-core-module-2.2.0.tgz",
			"integrity": "sha512-XRAfAdyyY5F5cOXn7hYQDqh2Xmii+DEfIcQGxK/uNwMHhIkPWO0g8msXcbzLe+MpGoR951MlqM/2iIlU4vKDdQ==",
			"dev": true,
			"requires": {
				"has": "^1.0.3"
			}
		},
		"jest-diff": {
			"version": "26.6.2",
			"resolved": "https://registry.npmjs.org/jest-diff/-/jest-diff-26.6.2.tgz",
			"integrity": "sha512-6m+9Z3Gv9wN0WFVasqjCL/06+EFCMTqDEUl/b87HYK2rAPTyfz4ZIuSlPhY51PIQRWx5TaxeF1qmXKe9gfN3sA==",
			"dev": true,
			"requires": {
				"chalk": "^4.0.0",
				"diff-sequences": "^26.6.2",
				"jest-get-type": "^26.3.0",
				"pretty-format": "^26.6.2"
			}
		},
		"jest-get-type": {
			"version": "26.3.0",
			"resolved": "https://registry.npmjs.org/jest-get-type/-/jest-get-type-26.3.0.tgz",
			"integrity": "sha512-TpfaviN1R2pQWkIihlfEanwOXK0zcxrKEE4MlU6Tn7keoXdN6/3gK/xl0yEh8DOunn5pOVGKf8hB4R9gVh04ig==",
			"dev": true
		},
		"jsonfile": {
			"version": "6.1.0",
			"resolved": "https://registry.npmjs.org/jsonfile/-/jsonfile-6.1.0.tgz",
			"integrity": "sha512-5dgndWOriYSm5cnYaJNhalLNDKOqFwyDB/rr1E9ZsGciGvKPs8R2xYGCacuf3z6K1YKDz182fd+fY3cn3pMqXQ==",
			"dev": true,
			"requires": {
				"graceful-fs": "^4.1.6",
				"universalify": "^2.0.0"
			}
		},
		"lodash": {
			"version": "4.17.21",
			"resolved": "https://registry.npmjs.org/lodash/-/lodash-4.17.21.tgz",
			"integrity": "sha512-v2kDEe57lecTulaDIuNTPy3Ry4gLGJ6Z1O3vE1krgXZNrsQ+LFTGHVxVjcXPs17LhbZVGedAJv8XZ1tvj5FvSg==",
			"dev": true
		},
		"lodash-es": {
			"version": "4.17.21",
			"resolved": "https://registry.npmjs.org/lodash-es/-/lodash-es-4.17.21.tgz",
			"integrity": "sha512-mKnC+QJ9pWVzv+C4/U3rRsHapFfHvQFoFB92e52xeyGMcX6/OlIl78je1u8vePzYZSkkogMPJ2yjxxsb89cxyw==",
			"dev": true
		},
		"nanoid": {
			"version": "3.1.20",
			"resolved": "https://registry.npmjs.org/nanoid/-/nanoid-3.1.20.tgz",
			"integrity": "sha512-a1cQNyczgKbLX9jwbS/+d7W8fX/RfgYR7lVWwWOGIPNgK2m0MWvrGF6/m4kk6U3QcFMnZf3RIhL0v2Jgh/0Uxw==",
			"dev": true
		},
		"path-parse": {
			"version": "1.0.6",
			"resolved": "https://registry.npmjs.org/path-parse/-/path-parse-1.0.6.tgz",
			"integrity": "sha512-GSmOT2EbHrINBf9SR7CDELwlJ8AENk3Qn7OikK4nFYAu3Ote2+JYNVvkpAEQm3/TLNEJFD/xZJjzyxg3KBWOzw==",
			"dev": true
		},
		"postcss": {
			"version": "8.2.6",
			"resolved": "https://registry.npmjs.org/postcss/-/postcss-8.2.6.tgz",
			"integrity": "sha512-xpB8qYxgPuly166AGlpRjUdEYtmOWx2iCwGmrv4vqZL9YPVviDVPZPRXxnXr6xPZOdxQ9lp3ZBFCRgWJ7LE3Sg==",
			"dev": true,
			"requires": {
				"colorette": "^1.2.1",
				"nanoid": "^3.1.20",
				"source-map": "^0.6.1"
			}
		},
		"pretty-format": {
			"version": "26.6.2",
			"resolved": "https://registry.npmjs.org/pretty-format/-/pretty-format-26.6.2.tgz",
			"integrity": "sha512-7AeGuCYNGmycyQbCqd/3PWH4eOoX/OiCa0uphp57NVTeAGdJGaAliecxwBDHYQCIvrW7aDBZCYeNTP/WX69mkg==",
			"dev": true,
			"requires": {
				"@jest/types": "^26.6.2",
				"ansi-regex": "^5.0.0",
				"ansi-styles": "^4.0.0",
				"react-is": "^17.0.1"
			}
		},
		"react-is": {
			"version": "17.0.1",
			"resolved": "https://registry.npmjs.org/react-is/-/react-is-17.0.1.tgz",
			"integrity": "sha512-NAnt2iGDXohE5LI7uBnLnqvLQMtzhkiAOLXTmv+qnF9Ky7xAPcX8Up/xWIhxvLVGJvuLiNc4xQLtuqDRzb4fSA==",
			"dev": true
		},
		"resize-observer-polyfill": {
			"version": "1.5.1",
			"resolved": "https://registry.npmjs.org/resize-observer-polyfill/-/resize-observer-polyfill-1.5.1.tgz",
			"integrity": "sha512-LwZrotdHOo12nQuZlHEmtuXdqGoOD0OhaxopaNFxWzInpEgaLWoVuAMbTzixuosCx2nEG58ngzW3vxdWoxIgdg==",
			"dev": true
		},
		"resolve": {
			"version": "1.20.0",
			"resolved": "https://registry.npmjs.org/resolve/-/resolve-1.20.0.tgz",
			"integrity": "sha512-wENBPt4ySzg4ybFQW2TT1zMQucPK95HSh/nq2CFTZVOGut2+pQvSsgtda4d26YrYcr067wjbmzOG8byDPBX63A==",
			"dev": true,
			"requires": {
				"is-core-module": "^2.2.0",
				"path-parse": "^1.0.6"
			}
		},
		"rollup": {
			"version": "2.40.0",
			"resolved": "https://registry.npmjs.org/rollup/-/rollup-2.40.0.tgz",
			"integrity": "sha512-WiOGAPbXoHu+TOz6hyYUxIksOwsY/21TRWoO593jgYt8mvYafYqQl+axaA8y1z2HFazNUUrsMSjahV2A6/2R9A==",
			"dev": true,
			"requires": {
				"fsevents": "~2.3.1"
			}
		},
		"seemly": {
			"version": "0.1.9",
			"resolved": "https://registry.npmjs.org/seemly/-/seemly-0.1.9.tgz",
			"integrity": "sha512-o4+Lamw7btpZmqR+iCqfZiyzFfmi/OGgGSzcOqZ/wccBniz/MEE8FrQmYjhHc2nJJH5G1y0FboW2vaiKoJGfOA==",
			"dev": true,
			"requires": {
				"@types/jest": "^26.0.20"
			}
		},
		"source-map": {
			"version": "0.6.1",
			"resolved": "https://registry.npmjs.org/source-map/-/source-map-0.6.1.tgz",
			"integrity": "sha512-UjgapumWlbMhkBgzT7Ykc5YXUT46F0iKu8SGXq0bcwP5dz/h0Plj6enJqjz1Zbq2l5WaqYnrVbwWOWMyF3F47g==",
			"dev": true
		},
		"supports-color": {
			"version": "7.2.0",
			"resolved": "https://registry.npmjs.org/supports-color/-/supports-color-7.2.0.tgz",
			"integrity": "sha512-qpCAvRl9stuOHveKsn7HncJRvv501qIacKzQlO/+Lwxc9+0q2wLyv4Dfvt80/DPn2pqOBsJdDiogXGR9+OvwRw==",
			"dev": true,
			"requires": {
				"has-flag": "^4.0.0"
			}
		},
		"to-fast-properties": {
			"version": "2.0.0",
			"resolved": "https://registry.npmjs.org/to-fast-properties/-/to-fast-properties-2.0.0.tgz",
			"integrity": "sha1-3F5pjL0HkmW8c+A3doGk5Og/YW4=",
			"dev": true
		},
		"universalify": {
			"version": "2.0.0",
			"resolved": "https://registry.npmjs.org/universalify/-/universalify-2.0.0.tgz",
			"integrity": "sha512-hAZsKq7Yy11Zu1DE0OzWjw7nnLZmJZYTDZZyEFHZdUhV8FkH5MCfoU1XMaxXovpyW5nq5scPqq0ZDP9Zyl04oQ==",
			"dev": true
		},
		"vdirs": {
			"version": "0.1.0",
			"resolved": "https://registry.npmjs.org/vdirs/-/vdirs-0.1.0.tgz",
			"integrity": "sha512-IboPzBgxMBwvR94Br4e9uqba68w4JMQHgAcgL/f8MjSaTgypxgA0sW9cOXBPKkF/8YlFwS9StXKaVpR3Tj528A==",
			"dev": true,
			"requires": {
				"@types/node": "^14.14.10",
				"evtd": "^0.0.1-alpha.5",
				"vue": "^3.0.3"
			},
			"dependencies": {
				"evtd": {
					"version": "0.0.1-alpha.5",
					"resolved": "https://registry.npmjs.org/evtd/-/evtd-0.0.1-alpha.5.tgz",
					"integrity": "sha512-JcoRsou39uWsLiff1+/fpa9U/e2ITmkiREJYHCtwc1xpqe8dK+sc24FMJjj1eYCfuZd0mm0ao/J1Ws7lTfsOrg==",
					"dev": true
				}
			}
		},
		"vite": {
			"version": "2.0.4",
			"resolved": "https://registry.npmjs.org/vite/-/vite-2.0.4.tgz",
			"integrity": "sha512-+PP89D7AKXFE4gps8c5+4eP5yXTh5qCogjdYX7iSsIxbLZAa26JoGSq6OLk0qdb/fqDh7gtJqGiLbG2V6NvkKQ==",
			"dev": true,
			"requires": {
				"esbuild": "^0.8.52",
				"fsevents": "~2.3.1",
				"postcss": "^8.2.1",
				"resolve": "^1.19.0",
				"rollup": "^2.38.5"
			}
		},
		"vooks": {
			"version": "0.0.8",
			"resolved": "https://registry.npmjs.org/vooks/-/vooks-0.0.8.tgz",
			"integrity": "sha512-3WtAPIVqoGvwZ0DAnX1WcZatgCKSy8xR5pRBcdn5/eMsqD2vlmAg7RfPab7MYGQQw5afcxHlWatOUwqOY/O5QQ==",
			"dev": true,
			"requires": {
				"evtd": "^0.1.0",
				"vue": "^3.0.0"
			}
		},
		"vue": {
			"version": "3.0.6",
			"resolved": "https://registry.npmjs.org/vue/-/vue-3.0.6.tgz",
			"integrity": "sha512-fgjbe/+f1EsqG7ZbaFSnxdzQXF2DKoFCdJlPxZZJy9XMtyXS6SY8pGzLi8WYb4zmsPLHvTZz4bHW30kFDk7vfA==",
			"dev": true,
			"requires": {
				"@vue/compiler-dom": "3.0.6",
				"@vue/runtime-dom": "3.0.6",
				"@vue/shared": "3.0.6"
			}
		},
		"vue-router": {
			"version": "4.0.4",
			"resolved": "https://registry.npmjs.org/vue-router/-/vue-router-4.0.4.tgz",
			"integrity": "sha512-uN6PDEaYdU9aRO7mU+Dkr1uaY49hV3fucEDG/Vre/Qj8ct3RoJS16vcPrvKVzn69zDDjBV5b9Xw7fZA9r6b/Iw==",
			"dev": true,
			"requires": {}
		},
		"vueuc": {
			"version": "0.2.5",
			"resolved": "https://registry.npmjs.org/vueuc/-/vueuc-0.2.5.tgz",
			"integrity": "sha512-vKhHS8Dmlcx6M+xxMyMBQSyOF97MSsfj0h/X4cnpFAc3QYAc6lrBLpuAFtyi3ubzvUQA4KvNg8JVwVqC7MpvKQ==",
			"dev": true,
			"requires": {
				"css-render": "^0.12.0",
				"evtd": "^0.1.0",
				"resize-observer-polyfill": "^1.5.1",
				"seemly": "^0.1.2",
				"vdirs": "^0.1.0",
				"vooks": "^0.0.8",
				"vue": "^3.0.5"
			}
		}
	}
}
